// !$*UTF8*$!
{
	archiveVersion = 1;
	classes = {
	};
	objectVersion = 50;
	objects = {

/* Begin PBXBuildFile section */
		EE1D4DEF21A9352A0051DB4C /* AppDelegate.swift in Sources */ = {isa = PBXBuildFile; fileRef = EE1D4DEE21A9352A0051DB4C /* AppDelegate.swift */; };
		EE1D4DF121A9352A0051DB4C /* MealViewController.swift in Sources */ = {isa = PBXBuildFile; fileRef = EE1D4DF021A9352A0051DB4C /* MealViewController.swift */; };
		EE1D4DF421A9352A0051DB4C /* Main.storyboard in Resources */ = {isa = PBXBuildFile; fileRef = EE1D4DF221A9352A0051DB4C /* Main.storyboard */; };
		EE1D4DF621A9352B0051DB4C /* Assets.xcassets in Resources */ = {isa = PBXBuildFile; fileRef = EE1D4DF521A9352B0051DB4C /* Assets.xcassets */; };
		EE1D4DF921A9352B0051DB4C /* LaunchScreen.storyboard in Resources */ = {isa = PBXBuildFile; fileRef = EE1D4DF721A9352B0051DB4C /* LaunchScreen.storyboard */; };
		EE1D4E0421A9352B0051DB4C /* FoodTrackerTests.swift in Sources */ = {isa = PBXBuildFile; fileRef = EE1D4E0321A9352B0051DB4C /* FoodTrackerTests.swift */; };
		EE1D4E0F21A9352B0051DB4C /* FoodTrackerUITests.swift in Sources */ = {isa = PBXBuildFile; fileRef = EE1D4E0E21A9352B0051DB4C /* FoodTrackerUITests.swift */; };
		EE49BB7B21AA8B4F000BDE46 /* Meal.swift in Sources */ = {isa = PBXBuildFile; fileRef = EE49BB7A21AA8B4F000BDE46 /* Meal.swift */; };
		EE49BB7D21AA8FED000BDE46 /* MealTableViewCell.swift in Sources */ = {isa = PBXBuildFile; fileRef = EE49BB7C21AA8FED000BDE46 /* MealTableViewCell.swift */; };
		EE49BB7F21AA94C0000BDE46 /* MealTableViewController.swift in Sources */ = {isa = PBXBuildFile; fileRef = EE49BB7E21AA94C0000BDE46 /* MealTableViewController.swift */; };
		EE49BB8021AAD77C000BDE46 /* MealTableViewController.swift in Sources */ = {isa = PBXBuildFile; fileRef = EE49BB7E21AA94C0000BDE46 /* MealTableViewController.swift */; };
		EE6F8B7321A96B810041FAE7 /* RatingControl.swift in Sources */ = {isa = PBXBuildFile; fileRef = EE6F8B7221A96B810041FAE7 /* RatingControl.swift */; };
/* End PBXBuildFile section */

/* Begin PBXContainerItemProxy section */
		EE1D4E0021A9352B0051DB4C /* PBXContainerItemProxy */ = {
			isa = PBXContainerItemProxy;
			containerPortal = EE1D4DE321A935290051DB4C /* Project object */;
			proxyType = 1;
			remoteGlobalIDString = EE1D4DEA21A9352A0051DB4C;
			remoteInfo = FoodTracker;
		};
		EE1D4E0B21A9352B0051DB4C /* PBXContainerItemProxy */ = {
			isa = PBXContainerItemProxy;
			containerPortal = EE1D4DE321A935290051DB4C /* Project object */;
			proxyType = 1;
			remoteGlobalIDString = EE1D4DEA21A9352A0051DB4C;
			remoteInfo = FoodTracker;
		};
/* End PBXContainerItemProxy section */

/* Begin PBXFileReference section */
		EE1D4DEB21A9352A0051DB4C /* FoodTracker.app */ = {isa = PBXFileReference; explicitFileType = wrapper.application; includeInIndex = 0; path = FoodTracker.app; sourceTree = BUILT_PRODUCTS_DIR; };
		EE1D4DEE21A9352A0051DB4C /* AppDelegate.swift */ = {isa = PBXFileReference; lastKnownFileType = sourcecode.swift; path = AppDelegate.swift; sourceTree = "<group>"; };
		EE1D4DF021A9352A0051DB4C /* MealViewController.swift */ = {isa = PBXFileReference; lastKnownFileType = sourcecode.swift; path = MealViewController.swift; sourceTree = "<group>"; };
		EE1D4DF321A9352A0051DB4C /* Base */ = {isa = PBXFileReference; lastKnownFileType = file.storyboard; name = Base; path = Base.lproj/Main.storyboard; sourceTree = "<group>"; };
		EE1D4DF521A9352B0051DB4C /* Assets.xcassets */ = {isa = PBXFileReference; lastKnownFileType = folder.assetcatalog; path = Assets.xcassets; sourceTree = "<group>"; };
		EE1D4DF821A9352B0051DB4C /* Base */ = {isa = PBXFileReference; lastKnownFileType = file.storyboard; name = Base; path = Base.lproj/LaunchScreen.storyboard; sourceTree = "<group>"; };
		EE1D4DFA21A9352B0051DB4C /* Info.plist */ = {isa = PBXFileReference; lastKnownFileType = text.plist.xml; path = Info.plist; sourceTree = "<group>"; };
		EE1D4DFF21A9352B0051DB4C /* FoodTrackerTests.xctest */ = {isa = PBXFileReference; explicitFileType = wrapper.cfbundle; includeInIndex = 0; path = FoodTrackerTests.xctest; sourceTree = BUILT_PRODUCTS_DIR; };
		EE1D4E0321A9352B0051DB4C /* FoodTrackerTests.swift */ = {isa = PBXFileReference; lastKnownFileType = sourcecode.swift; path = FoodTrackerTests.swift; sourceTree = "<group>"; };
		EE1D4E0521A9352B0051DB4C /* Info.plist */ = {isa = PBXFileReference; lastKnownFileType = text.plist.xml; path = Info.plist; sourceTree = "<group>"; };
		EE1D4E0A21A9352B0051DB4C /* FoodTrackerUITests.xctest */ = {isa = PBXFileReference; explicitFileType = wrapper.cfbundle; includeInIndex = 0; path = FoodTrackerUITests.xctest; sourceTree = BUILT_PRODUCTS_DIR; };
		EE1D4E0E21A9352B0051DB4C /* FoodTrackerUITests.swift */ = {isa = PBXFileReference; lastKnownFileType = sourcecode.swift; path = FoodTrackerUITests.swift; sourceTree = "<group>"; };
		EE1D4E1021A9352B0051DB4C /* Info.plist */ = {isa = PBXFileReference; lastKnownFileType = text.plist.xml; path = Info.plist; sourceTree = "<group>"; };
		EE49BB7A21AA8B4F000BDE46 /* Meal.swift */ = {isa = PBXFileReference; lastKnownFileType = sourcecode.swift; path = Meal.swift; sourceTree = "<group>"; };
		EE49BB7C21AA8FED000BDE46 /* MealTableViewCell.swift */ = {isa = PBXFileReference; lastKnownFileType = sourcecode.swift; path = MealTableViewCell.swift; sourceTree = "<group>"; };
		EE49BB7E21AA94C0000BDE46 /* MealTableViewController.swift */ = {isa = PBXFileReference; lastKnownFileType = sourcecode.swift; path = MealTableViewController.swift; sourceTree = "<group>"; };
		EE6F8B7221A96B810041FAE7 /* RatingControl.swift */ = {isa = PBXFileReference; lastKnownFileType = sourcecode.swift; path = RatingControl.swift; sourceTree = "<group>"; };
/* End PBXFileReference section */

/* Begin PBXFrameworksBuildPhase section */
		EE1D4DE821A9352A0051DB4C /* Frameworks */ = {
			isa = PBXFrameworksBuildPhase;
			buildActionMask = 2147483647;
			files = (
			);
			runOnlyForDeploymentPostprocessing = 0;
		};
		EE1D4DFC21A9352B0051DB4C /* Frameworks */ = {
			isa = PBXFrameworksBuildPhase;
			buildActionMask = 2147483647;
			files = (
			);
			runOnlyForDeploymentPostprocessing = 0;
		};
		EE1D4E0721A9352B0051DB4C /* Frameworks */ = {
			isa = PBXFrameworksBuildPhase;
			buildActionMask = 2147483647;
			files = (
			);
			runOnlyForDeploymentPostprocessing = 0;
		};
/* End PBXFrameworksBuildPhase section */

/* Begin PBXGroup section */
		EE1D4DE221A935290051DB4C = {
			isa = PBXGroup;
			children = (
				EE1D4DED21A9352A0051DB4C /* FoodTracker */,
				EE1D4E0221A9352B0051DB4C /* FoodTrackerTests */,
				EE1D4E0D21A9352B0051DB4C /* FoodTrackerUITests */,
				EE1D4DEC21A9352A0051DB4C /* Products */,
			);
			sourceTree = "<group>";
		};
		EE1D4DEC21A9352A0051DB4C /* Products */ = {
			isa = PBXGroup;
			children = (
				EE1D4DEB21A9352A0051DB4C /* FoodTracker.app */,
				EE1D4DFF21A9352B0051DB4C /* FoodTrackerTests.xctest */,
				EE1D4E0A21A9352B0051DB4C /* FoodTrackerUITests.xctest */,
			);
			name = Products;
			sourceTree = "<group>";
		};
		EE1D4DED21A9352A0051DB4C /* FoodTracker */ = {
			isa = PBXGroup;
			children = (
				EE1D4DEE21A9352A0051DB4C /* AppDelegate.swift */,
				EE1D4DF021A9352A0051DB4C /* MealViewController.swift */,
				EE1D4DF221A9352A0051DB4C /* Main.storyboard */,
				EE1D4DF521A9352B0051DB4C /* Assets.xcassets */,
				EE1D4DF721A9352B0051DB4C /* LaunchScreen.storyboard */,
				EE1D4DFA21A9352B0051DB4C /* Info.plist */,
				EE6F8B7221A96B810041FAE7 /* RatingControl.swift */,
				EE49BB7A21AA8B4F000BDE46 /* Meal.swift */,
				EE49BB7C21AA8FED000BDE46 /* MealTableViewCell.swift */,
				EE49BB7E21AA94C0000BDE46 /* MealTableViewController.swift */,
			);
			path = FoodTracker;
			sourceTree = "<group>";
		};
		EE1D4E0221A9352B0051DB4C /* FoodTrackerTests */ = {
			isa = PBXGroup;
			children = (
				EE1D4E0321A9352B0051DB4C /* FoodTrackerTests.swift */,
				EE1D4E0521A9352B0051DB4C /* Info.plist */,
			);
			path = FoodTrackerTests;
			sourceTree = "<group>";
		};
		EE1D4E0D21A9352B0051DB4C /* FoodTrackerUITests */ = {
			isa = PBXGroup;
			children = (
				EE1D4E0E21A9352B0051DB4C /* FoodTrackerUITests.swift */,
				EE1D4E1021A9352B0051DB4C /* Info.plist */,
			);
			path = FoodTrackerUITests;
			sourceTree = "<group>";
		};
/* End PBXGroup section */

/* Begin PBXNativeTarget section */
		EE1D4DEA21A9352A0051DB4C /* FoodTracker */ = {
			isa = PBXNativeTarget;
			buildConfigurationList = EE1D4E1321A9352B0051DB4C /* Build configuration list for PBXNativeTarget "FoodTracker" */;
			buildPhases = (
				EE1D4DE721A9352A0051DB4C /* Sources */,
				EE1D4DE821A9352A0051DB4C /* Frameworks */,
				EE1D4DE921A9352A0051DB4C /* Resources */,
			);
			buildRules = (
			);
			dependencies = (
			);
			name = FoodTracker;
			productName = FoodTracker;
			productReference = EE1D4DEB21A9352A0051DB4C /* FoodTracker.app */;
			productType = "com.apple.product-type.application";
		};
		EE1D4DFE21A9352B0051DB4C /* FoodTrackerTests */ = {
			isa = PBXNativeTarget;
			buildConfigurationList = EE1D4E1621A9352B0051DB4C /* Build configuration list for PBXNativeTarget "FoodTrackerTests" */;
			buildPhases = (
				EE1D4DFB21A9352B0051DB4C /* Sources */,
				EE1D4DFC21A9352B0051DB4C /* Frameworks */,
				EE1D4DFD21A9352B0051DB4C /* Resources */,
			);
			buildRules = (
			);
			dependencies = (
				EE1D4E0121A9352B0051DB4C /* PBXTargetDependency */,
			);
			name = FoodTrackerTests;
			productName = FoodTrackerTests;
			productReference = EE1D4DFF21A9352B0051DB4C /* FoodTrackerTests.xctest */;
			productType = "com.apple.product-type.bundle.unit-test";
		};
		EE1D4E0921A9352B0051DB4C /* FoodTrackerUITests */ = {
			isa = PBXNativeTarget;
			buildConfigurationList = EE1D4E1921A9352B0051DB4C /* Build configuration list for PBXNativeTarget "FoodTrackerUITests" */;
			buildPhases = (
				EE1D4E0621A9352B0051DB4C /* Sources */,
				EE1D4E0721A9352B0051DB4C /* Frameworks */,
				EE1D4E0821A9352B0051DB4C /* Resources */,
			);
			buildRules = (
			);
			dependencies = (
				EE1D4E0C21A9352B0051DB4C /* PBXTargetDependency */,
			);
			name = FoodTrackerUITests;
			productName = FoodTrackerUITests;
			productReference = EE1D4E0A21A9352B0051DB4C /* FoodTrackerUITests.xctest */;
			productType = "com.apple.product-type.bundle.ui-testing";
		};
/* End PBXNativeTarget section */

/* Begin PBXProject section */
		EE1D4DE321A935290051DB4C /* Project object */ = {
			isa = PBXProject;
			attributes = {
				LastSwiftUpdateCheck = 0940;
				LastUpgradeCheck = 0940;
				ORGANIZATIONNAME = jiang;
				TargetAttributes = {
					EE1D4DEA21A9352A0051DB4C = {
						CreatedOnToolsVersion = 9.4.1;
					};
					EE1D4DFE21A9352B0051DB4C = {
						CreatedOnToolsVersion = 9.4.1;
						TestTargetID = EE1D4DEA21A9352A0051DB4C;
					};
					EE1D4E0921A9352B0051DB4C = {
						CreatedOnToolsVersion = 9.4.1;
						TestTargetID = EE1D4DEA21A9352A0051DB4C;
					};
				};
			};
			buildConfigurationList = EE1D4DE621A935290051DB4C /* Build configuration list for PBXProject "FoodTracker" */;
			compatibilityVersion = "Xcode 9.3";
			developmentRegion = en;
			hasScannedForEncodings = 0;
			knownRegions = (
				en,
				Base,
			);
			mainGroup = EE1D4DE221A935290051DB4C;
			productRefGroup = EE1D4DEC21A9352A0051DB4C /* Products */;
			projectDirPath = "";
			projectRoot = "";
			targets = (
				EE1D4DEA21A9352A0051DB4C /* FoodTracker */,
				EE1D4DFE21A9352B0051DB4C /* FoodTrackerTests */,
				EE1D4E0921A9352B0051DB4C /* FoodTrackerUITests */,
			);
		};
/* End PBXProject section */

/* Begin PBXResourcesBuildPhase section */
		EE1D4DE921A9352A0051DB4C /* Resources */ = {
			isa = PBXResourcesBuildPhase;
			buildActionMask = 2147483647;
			files = (
				EE1D4DF921A9352B0051DB4C /* LaunchScreen.storyboard in Resources */,
				EE1D4DF621A9352B0051DB4C /* Assets.xcassets in Resources */,
				EE1D4DF421A9352A0051DB4C /* Main.storyboard in Resources */,
			);
			runOnlyForDeploymentPostprocessing = 0;
		};
		EE1D4DFD21A9352B0051DB4C /* Resources */ = {
			isa = PBXResourcesBuildPhase;
			buildActionMask = 2147483647;
			files = (
			);
			runOnlyForDeploymentPostprocessing = 0;
		};
		EE1D4E0821A9352B0051DB4C /* Resources */ = {
			isa = PBXResourcesBuildPhase;
			buildActionMask = 2147483647;
			files = (
			);
			runOnlyForDeploymentPostprocessing = 0;
		};
/* End PBXResourcesBuildPhase section */

/* Begin PBXSourcesBuildPhase section */
		EE1D4DE721A9352A0051DB4C /* Sources */ = {
			isa = PBXSourcesBuildPhase;
			buildActionMask = 2147483647;
			files = (
				EE49BB7B21AA8B4F000BDE46 /* Meal.swift in Sources */,
				EE1D4DF121A9352A0051DB4C /* MealViewController.swift in Sources */,
				EE6F8B7321A96B810041FAE7 /* RatingControl.swift in Sources */,
				EE1D4DEF21A9352A0051DB4C /* AppDelegate.swift in Sources */,
				EE49BB7F21AA94C0000BDE46 /* MealTableViewController.swift in Sources */,
				EE49BB7D21AA8FED000BDE46 /* MealTableViewCell.swift in Sources */,
			);
			runOnlyForDeploymentPostprocessing = 0;
		};
		EE1D4DFB21A9352B0051DB4C /* Sources */ = {
			isa = PBXSourcesBuildPhase;
			buildActionMask = 2147483647;
			files = (
				EE49BB8021AAD77C000BDE46 /* MealTableViewController.swift in Sources */,
				EE1D4E0421A9352B0051DB4C /* FoodTrackerTests.swift in Sources */,
			);
			runOnlyForDeploymentPostprocessing = 0;
		};
		EE1D4E0621A9352B0051DB4C /* Sources */ = {
			isa = PBXSourcesBuildPhase;
			buildActionMask = 2147483647;
			files = (
				EE1D4E0F21A9352B0051DB4C /* FoodTrackerUITests.swift in Sources */,
			);
			runOnlyForDeploymentPostprocessing = 0;
		};
/* End PBXSourcesBuildPhase section */

/* Begin PBXTargetDependency section */
		EE1D4E0121A9352B0051DB4C /* PBXTargetDependency */ = {
			isa = PBXTargetDependency;
			target = EE1D4DEA21A9352A0051DB4C /* FoodTracker */;
			targetProxy = EE1D4E0021A9352B0051DB4C /* PBXContainerItemProxy */;
		};
		EE1D4E0C21A9352B0051DB4C /* PBXTargetDependency */ = {
			isa = PBXTargetDependency;
			target = EE1D4DEA21A9352A0051DB4C /* FoodTracker */;
			targetProxy = EE1D4E0B21A9352B0051DB4C /* PBXContainerItemProxy */;
		};
/* End PBXTargetDependency section */

/* Begin PBXVariantGroup section */
		EE1D4DF221A9352A0051DB4C /* Main.storyboard */ = {
			isa = PBXVariantGroup;
			children = (
				EE1D4DF321A9352A0051DB4C /* Base */,
			);
			name = Main.storyboard;
			sourceTree = "<group>";
		};
		EE1D4DF721A9352B0051DB4C /* LaunchScreen.storyboard */ = {
			isa = PBXVariantGroup;
			children = (
				EE1D4DF821A9352B0051DB4C /* Base */,
			);
			name = LaunchScreen.storyboard;
			sourceTree = "<group>";
		};
/* End PBXVariantGroup section */

/* Begin XCBuildConfiguration section */
		EE1D4E1121A9352B0051DB4C /* Debug */ = {
			isa = XCBuildConfiguration;
			buildSettings = {
				ALWAYS_SEARCH_USER_PATHS = NO;
				CLANG_ANALYZER_NONNULL = YES;
				CLANG_ANALYZER_NUMBER_OBJECT_CONVERSION = YES_AGGRESSIVE;
				CLANG_CXX_LANGUAGE_STANDARD = "gnu++14";
				CLANG_CXX_LIBRARY = "libc++";
				CLANG_ENABLE_MODULES = YES;
				CLANG_ENABLE_OBJC_ARC = YES;
				CLANG_ENABLE_OBJC_WEAK = YES;
				CLANG_WARN_BLOCK_CAPTURE_AUTORELEASING = YES;
				CLANG_WARN_BOOL_CONVERSION = YES;
				CLANG_WARN_COMMA = YES;
				CLANG_WARN_CONSTANT_CONVERSION = YES;
				CLANG_WARN_DEPRECATED_OBJC_IMPLEMENTATIONS = YES;
				CLANG_WARN_DIRECT_OBJC_ISA_USAGE = YES_ERROR;
				CLANG_WARN_DOCUMENTATION_COMMENTS = YES;
				CLANG_WARN_EMPTY_BODY = YES;
				CLANG_WARN_ENUM_CONVERSION = YES;
				CLANG_WARN_INFINITE_RECURSION = YES;
				CLANG_WARN_INT_CONVERSION = YES;
				CLANG_WARN_NON_LITERAL_NULL_CONVERSION = YES;
				CLANG_WARN_OBJC_IMPLICIT_RETAIN_SELF = YES;
				CLANG_WARN_OBJC_LITERAL_CONVERSION = YES;
				CLANG_WARN_OBJC_ROOT_CLASS = YES_ERROR;
				CLANG_WARN_RANGE_LOOP_ANALYSIS = YES;
				CLANG_WARN_STRICT_PROTOTYPES = YES;
				CLANG_WARN_SUSPICIOUS_MOVE = YES;
				CLANG_WARN_UNGUARDED_AVAILABILITY = YES_AGGRESSIVE;
				CLANG_WARN_UNREACHABLE_CODE = YES;
				CLANG_WARN__DUPLICATE_METHOD_MATCH = YES;
				CODE_SIGN_IDENTITY = "iPhone Developer";
				COPY_PHASE_STRIP = NO;
				DEBUG_INFORMATION_FORMAT = dwarf;
				ENABLE_STRICT_OBJC_MSGSEND = YES;
				ENABLE_TESTABILITY = YES;
				GCC_C_LANGUAGE_STANDARD = gnu11;
				GCC_DYNAMIC_NO_PIC = NO;
				GCC_NO_COMMON_BLOCKS = YES;
				GCC_OPTIMIZATION_LEVEL = 0;
				GCC_PREPROCESSOR_DEFINITIONS = (
					"DEBUG=1",
					"$(inherited)",
				);
				GCC_WARN_64_TO_32_BIT_CONVERSION = YES;
				GCC_WARN_ABOUT_RETURN_TYPE = YES_ERROR;
				GCC_WARN_UNDECLARED_SELECTOR = YES;
				GCC_WARN_UNINITIALIZED_AUTOS = YES_AGGRESSIVE;
				GCC_WARN_UNUSED_FUNCTION = YES;
				GCC_WARN_UNUSED_VARIABLE = YES;
				IPHONEOS_DEPLOYMENT_TARGET = 11.4;
				MTL_ENABLE_DEBUG_INFO = YES;
				ONLY_ACTIVE_ARCH = YES;
				SDKROOT = iphoneos;
				SWIFT_ACTIVE_COMPILATION_CONDITIONS = DEBUG;
				SWIFT_OPTIMIZATION_LEVEL = "-Onone";
			};
			name = Debug;
		};
		EE1D4E1221A9352B0051DB4C /* Release */ = {
			isa = XCBuildConfiguration;
			buildSettings = {
				ALWAYS_SEARCH_USER_PATHS = NO;
				CLANG_ANALYZER_NONNULL = YES;
				CLANG_ANALYZER_NUMBER_OBJECT_CONVERSION = YES_AGGRESSIVE;
				CLANG_CXX_LANGUAGE_STANDARD = "gnu++14";
				CLANG_CXX_LIBRARY = "libc++";
				CLANG_ENABLE_MODULES = YES;
				CLANG_ENABLE_OBJC_ARC = YES;
				CLANG_ENABLE_OBJC_WEAK = YES;
				CLANG_WARN_BLOCK_CAPTURE_AUTORELEASING = YES;
				CLANG_WARN_BOOL_CONVERSION = YES;
				CLANG_WARN_COMMA = YES;
				CLANG_WARN_CONSTANT_CONVERSION = YES;
				CLANG_WARN_DEPRECATED_OBJC_IMPLEMENTATIONS = YES;
				CLANG_WARN_DIRECT_OBJC_ISA_USAGE = YES_ERROR;
				CLANG_WARN_DOCUMENTATION_COMMENTS = YES;
				CLANG_WARN_EMPTY_BODY = YES;
				CLANG_WARN_ENUM_CONVERSION = YES;
				CLANG_WARN_INFINITE_RECURSION = YES;
				CLANG_WARN_INT_CONVERSION = YES;
				CLANG_WARN_NON_LITERAL_NULL_CONVERSION = YES;
				CLANG_WARN_OBJC_IMPLICIT_RETAIN_SELF = YES;
				CLANG_WARN_OBJC_LITERAL_CONVERSION = YES;
				CLANG_WARN_OBJC_ROOT_CLASS = YES_ERROR;
				CLANG_WARN_RANGE_LOOP_ANALYSIS = YES;
				CLANG_WARN_STRICT_PROTOTYPES = YES;
				CLANG_WARN_SUSPICIOUS_MOVE = YES;
				CLANG_WARN_UNGUARDED_AVAILABILITY = YES_AGGRESSIVE;
				CLANG_WARN_UNREACHABLE_CODE = YES;
				CLANG_WARN__DUPLICATE_METHOD_MATCH = YES;
				CODE_SIGN_IDENTITY = "iPhone Developer";
				COPY_PHASE_STRIP = NO;
				DEBUG_INFORMATION_FORMAT = "dwarf-with-dsym";
				ENABLE_NS_ASSERTIONS = NO;
				ENABLE_STRICT_OBJC_MSGSEND = YES;
				GCC_C_LANGUAGE_STANDARD = gnu11;
				GCC_NO_COMMON_BLOCKS = YES;
				GCC_WARN_64_TO_32_BIT_CONVERSION = YES;
				GCC_WARN_ABOUT_RETURN_TYPE = YES_ERROR;
				GCC_WARN_UNDECLARED_SELECTOR = YES;
				GCC_WARN_UNINITIALIZED_AUTOS = YES_AGGRESSIVE;
				GCC_WARN_UNUSED_FUNCTION = YES;
				GCC_WARN_UNUSED_VARIABLE = YES;
				IPHONEOS_DEPLOYMENT_TARGET = 11.4;
				MTL_ENABLE_DEBUG_INFO = NO;
				SDKROOT = iphoneos;
				SWIFT_COMPILATION_MODE = wholemodule;
				SWIFT_OPTIMIZATION_LEVEL = "-O";
				VALIDATE_PRODUCT = YES;
			};
			name = Release;
		};
		EE1D4E1421A9352B0051DB4C /* Debug */ = {
			isa = XCBuildConfiguration;
			buildSettings = {
				ASSETCATALOG_COMPILER_APPICON_NAME = AppIcon;
				CODE_SIGN_STYLE = Automatic;
				DEVELOPMENT_TEAM = 2VLQ5AZ3L2;
				INFOPLIST_FILE = FoodTracker/Info.plist;
				LD_RUNPATH_SEARCH_PATHS = (
					"$(inherited)",
					"@executable_path/Frameworks",
				);
				PRODUCT_BUNDLE_IDENTIFIER = jiang.FoodTracker;
				PRODUCT_NAME = "$(TARGET_NAME)";
				SWIFT_VERSION = 4.0;
				TARGETED_DEVICE_FAMILY = "1,2";
			};
			name = Debug;
		};
		EE1D4E1521A9352B0051DB4C /* Release */ = {
			isa = XCBuildConfiguration;
			buildSettings = {
				ASSETCATALOG_COMPILER_APPICON_NAME = AppIcon;
				CODE_SIGN_STYLE = Automatic;
				DEVELOPMENT_TEAM = 2VLQ5AZ3L2;
				INFOPLIST_FILE = FoodTracker/Info.plist;
				LD_RUNPATH_SEARCH_PATHS = (
					"$(inherited)",
					"@executable_path/Frameworks",
				);
				PRODUCT_BUNDLE_IDENTIFIER = jiang.FoodTracker;
				PRODUCT_NAME = "$(TARGET_NAME)";
				SWIFT_VERSION = 4.0;
				TARGETED_DEVICE_FAMILY = "1,2";
			};
			name = Release;
		};
		EE1D4E1721A9352B0051DB4C /* Debug */ = {
			isa = XCBuildConfiguration;
			buildSettings = {
				ALWAYS_EMBED_SWIFT_STANDARD_LIBRARIES = YES;
				BUNDLE_LOADER = "$(TEST_HOST)";
				CODE_SIGN_STYLE = Automatic;
				DEVELOPMENT_TEAM = 2VLQ5AZ3L2;
				INFOPLIST_FILE = FoodTrackerTests/Info.plist;
				LD_RUNPATH_SEARCH_PATHS = (
					"$(inherited)",
					"@executable_path/Frameworks",
					"@loader_path/Frameworks",
				);
				PRODUCT_BUNDLE_IDENTIFIER = jiang.FoodTrackerTests;
				PRODUCT_NAME = "$(TARGET_NAME)";
				SWIFT_VERSION = 4.0;
				TARGETED_DEVICE_FAMILY = "1,2";
				TEST_HOST = "$(BUILT_PRODUCTS_DIR)/FoodTracker.app/FoodTracker";
			};
			name = Debug;
		};
		EE1D4E1821A9352B0051DB4C /* Release */ = {
			isa = XCBuildConfiguration;
			buildSettings = {
				ALWAYS_EMBED_SWIFT_STANDARD_LIBRARIES = YES;
				BUNDLE_LOADER = "$(TEST_HOST)";
				CODE_SIGN_STYLE = Automatic;
				DEVELOPMENT_TEAM = 2VLQ5AZ3L2;
				INFOPLIST_FILE = FoodTrackerTests/Info.plist;
				LD_RUNPATH_SEARCH_PATHS = (
					"$(inherited)",
					"@executable_path/Frameworks",
					"@loader_path/Frameworks",
				);
				PRODUCT_BUNDLE_IDENTIFIER = jiang.FoodTrackerTests;
				PRODUCT_NAME = "$(TARGET_NAME)";
				SWIFT_VERSION = 4.0;
				TARGETED_DEVICE_FAMILY = "1,2";
				TEST_HOST = "$(BUILT_PRODUCTS_DIR)/FoodTracker.app/FoodTracker";
			};
			name = Release;
		};
		EE1D4E1A21A9352B0051DB4C /* Debug */ = {
			isa = XCBuildConfiguration;
			buildSettings = {
				ALWAYS_EMBED_SWIFT_STANDARD_LIBRARIES = YES;
				CODE_SIGN_STYLE = Automatic;
				DEVELOPMENT_TEAM = 2VLQ5AZ3L2;
				INFOPLIST_FILE = FoodTrackerUITests/Info.plist;
				LD_RUNPATH_SEARCH_PATHS = (
					"$(inherited)",
					"@executable_path/Frameworks",
					"@loader_path/Frameworks",
				);
				PRODUCT_BUNDLE_IDENTIFIER = jiang.FoodTrackerUITests;
				PRODUCT_NAME = "$(TARGET_NAME)";
				SWIFT_VERSION = 4.0;
				TARGETED_DEVICE_FAMILY = "1,2";
				TEST_TARGET_NAME = FoodTracker;
			};
			name = Debug;
		};
		EE1D4E1B21A9352B0051DB4C /* Release */ = {
			isa = XCBuildConfiguration;
			buildSettings = {
				ALWAYS_EMBED_SWIFT_STANDARD_LIBRARIES = YES;
				CODE_SIGN_STYLE = Automatic;
				DEVELOPMENT_TEAM = 2VLQ5AZ3L2;
				INFOPLIST_FILE = FoodTrackerUITests/Info.plist;
				LD_RUNPATH_SEARCH_PATHS = (
					"$(inherited)",
					"@executable_path/Frameworks",
					"@loader_path/Frameworks",
				);
				PRODUCT_BUNDLE_IDENTIFIER = jiang.FoodTrackerUITests;
				PRODUCT_NAME = "$(TARGET_NAME)";
				SWIFT_VERSION = 4.0;
				TARGETED_DEVICE_FAMILY = "1,2";
				TEST_TARGET_NAME = FoodTracker;
			};
			name = Release;
		};
/* End XCBuildConfiguration section */

/* Begin XCConfigurationList section */
		EE1D4DE621A935290051DB4C /* Build configuration list for PBXProject "FoodTracker" */ = {
			isa = XCConfigurationList;
			buildConfigurations = (
				EE1D4E1121A9352B0051DB4C /* Debug */,
				EE1D4E1221A9352B0051DB4C /* Release */,
			);
			defaultConfigurationIsVisible = 0;
			defaultConfigurationName = Release;
		};
		EE1D4E1321A9352B0051DB4C /* Build configuration list for PBXNativeTarget "FoodTracker" */ = {
			isa = XCConfigurationList;
			buildConfigurations = (
				EE1D4E1421A9352B0051DB4C /* Debug */,
				EE1D4E1521A9352B0051DB4C /* Release */,
			);
			defaultConfigurationIsVisible = 0;
			defaultConfigurationName = Release;
		};
		EE1D4E1621A9352B0051DB4C /* Build configuration list for PBXNativeTarget "FoodTrackerTests" */ = {
			isa = XCConfigurationList;
			buildConfigurations = (
				EE1D4E1721A9352B0051DB4C /* Debug */,
				EE1D4E1821A9352B0051DB4C /* Release */,
			);
			defaultConfigurationIsVisible = 0;
			defaultConfigurationName = Release;
		};
		EE1D4E1921A9352B0051DB4C /* Build configuration list for PBXNativeTarget "FoodTrackerUITests" */ = {
			isa = XCConfigurationList;
			buildConfigurations = (
				EE1D4E1A21A9352B0051DB4C /* Debug */,
				EE1D4E1B21A9352B0051DB4C /* Release */,
			);
			defaultConfigurationIsVisible = 0;
			defaultConfigurationName = Release;
		};
/* End XCConfigurationList section */
	};
	rootObject = EE1D4DE321A935290051DB4C /* Project object */;
}
