// !$*UTF8*$!
{
	archiveVersion = 1;
	classes = {
	};
	objectVersion = 50;
	objects = {

/* Begin PBXBuildFile section */
		3FEA92D321C769C800F2386F /* AppDelegate.swift in Sources */ = {isa = PBXBuildFile; fileRef = 3FEA92D221C769C800F2386F /* AppDelegate.swift */; };
		3FEA92D521C769C800F2386F /* ViewController.swift in Sources */ = {isa = PBXBuildFile; fileRef = 3FEA92D421C769C800F2386F /* ViewController.swift */; };
		3FEA92D821C769C800F2386F /* Main.storyboard in Resources */ = {isa = PBXBuildFile; fileRef = 3FEA92D621C769C800F2386F /* Main.storyboard */; };
		3FEA92DA21C769CB00F2386F /* Assets.xcassets in Resources */ = {isa = PBXBuildFile; fileRef = 3FEA92D921C769CB00F2386F /* Assets.xcassets */; };
		3FEA92DD21C769CB00F2386F /* LaunchScreen.storyboard in Resources */ = {isa = PBXBuildFile; fileRef = 3FEA92DB21C769CB00F2386F /* LaunchScreen.storyboard */; };
		3FEA930321C7775000F2386F /* CitysTableViewController.swift in Sources */ = {isa = PBXBuildFile; fileRef = 3FEA930221C7775000F2386F /* CitysTableViewController.swift */; };
		3FEA930521C7795B00F2386F /* CityWeatherViewController.swift in Sources */ = {isa = PBXBuildFile; fileRef = 3FEA930421C7795B00F2386F /* CityWeatherViewController.swift */; };
		3FEA930721C789EF00F2386F /* Cityinfo.swift in Sources */ = {isa = PBXBuildFile; fileRef = 3FEA930621C789EF00F2386F /* Cityinfo.swift */; };
		EEA01E0621C9C7B20075E039 /* Alamofire.framework in Frameworks */ = {isa = PBXBuildFile; fileRef = EEA01DF921C9C7A70075E039 /* Alamofire.framework */; };
		EEA01E0721C9C7B20075E039 /* Alamofire.framework in Embed Frameworks */ = {isa = PBXBuildFile; fileRef = EEA01DF921C9C7A70075E039 /* Alamofire.framework */; settings = {ATTRIBUTES = (CodeSignOnCopy, RemoveHeadersOnCopy, ); }; };
/* End PBXBuildFile section */

/* Begin PBXContainerItemProxy section */
		EEA01DF821C9C7A70075E039 /* PBXContainerItemProxy */ = {
			isa = PBXContainerItemProxy;
			containerPortal = EEA01DED21C9C7A70075E039 /* Alamofire.xcodeproj */;
			proxyType = 2;
			remoteGlobalIDString = F8111E3319A95C8B0040E7D1;
			remoteInfo = "Alamofire iOS";
		};
		EEA01DFA21C9C7A70075E039 /* PBXContainerItemProxy */ = {
			isa = PBXContainerItemProxy;
			containerPortal = EEA01DED21C9C7A70075E039 /* Alamofire.xcodeproj */;
			proxyType = 2;
			remoteGlobalIDString = F8111E3E19A95C8B0040E7D1;
			remoteInfo = "Alamofire iOS Tests";
		};
		EEA01DFC21C9C7A70075E039 /* PBXContainerItemProxy */ = {
			isa = PBXContainerItemProxy;
			containerPortal = EEA01DED21C9C7A70075E039 /* Alamofire.xcodeproj */;
			proxyType = 2;
			remoteGlobalIDString = 4DD67C0B1A5C55C900ED2280;
			remoteInfo = "Alamofire macOS";
		};
		EEA01DFE21C9C7A70075E039 /* PBXContainerItemProxy */ = {
			isa = PBXContainerItemProxy;
			containerPortal = EEA01DED21C9C7A70075E039 /* Alamofire.xcodeproj */;
			proxyType = 2;
			remoteGlobalIDString = F829C6B21A7A94F100A2CD59;
			remoteInfo = "Alamofire macOS Tests";
		};
		EEA01E0021C9C7A70075E039 /* PBXContainerItemProxy */ = {
			isa = PBXContainerItemProxy;
			containerPortal = EEA01DED21C9C7A70075E039 /* Alamofire.xcodeproj */;
			proxyType = 2;
			remoteGlobalIDString = 4CF626EF1BA7CB3E0011A099;
			remoteInfo = "Alamofire tvOS";
		};
		EEA01E0221C9C7A70075E039 /* PBXContainerItemProxy */ = {
			isa = PBXContainerItemProxy;
			containerPortal = EEA01DED21C9C7A70075E039 /* Alamofire.xcodeproj */;
			proxyType = 2;
			remoteGlobalIDString = 4CF626F81BA7CB3E0011A099;
			remoteInfo = "Alamofire tvOS Tests";
		};
		EEA01E0421C9C7A70075E039 /* PBXContainerItemProxy */ = {
			isa = PBXContainerItemProxy;
			containerPortal = EEA01DED21C9C7A70075E039 /* Alamofire.xcodeproj */;
			proxyType = 2;
			remoteGlobalIDString = E4202FE01B667AA100C997FB;
			remoteInfo = "Alamofire watchOS";
		};
		EEA01E0821C9C7B20075E039 /* PBXContainerItemProxy */ = {
			isa = PBXContainerItemProxy;
			containerPortal = EEA01DED21C9C7A70075E039 /* Alamofire.xcodeproj */;
			proxyType = 1;
			remoteGlobalIDString = F8111E3219A95C8B0040E7D1;
			remoteInfo = "Alamofire iOS";
		};
/* End PBXContainerItemProxy section */

/* Begin PBXCopyFilesBuildPhase section */
		3FEA930121C76A4200F2386F /* Embed Frameworks */ = {
			isa = PBXCopyFilesBuildPhase;
			buildActionMask = 2147483647;
			dstPath = "";
			dstSubfolderSpec = 10;
			files = (
				EEA01E0721C9C7B20075E039 /* Alamofire.framework in Embed Frameworks */,
			);
			name = "Embed Frameworks";
			runOnlyForDeploymentPostprocessing = 0;
		};
/* End PBXCopyFilesBuildPhase section */

/* Begin PBXFileReference section */
		3FEA92CF21C769C800F2386F /* netWork.app */ = {isa = PBXFileReference; explicitFileType = wrapper.application; includeInIndex = 0; path = netWork.app; sourceTree = BUILT_PRODUCTS_DIR; };
		3FEA92D221C769C800F2386F /* AppDelegate.swift */ = {isa = PBXFileReference; lastKnownFileType = sourcecode.swift; path = AppDelegate.swift; sourceTree = "<group>"; };
		3FEA92D421C769C800F2386F /* ViewController.swift */ = {isa = PBXFileReference; lastKnownFileType = sourcecode.swift; path = ViewController.swift; sourceTree = "<group>"; };
		3FEA92D721C769C800F2386F /* Base */ = {isa = PBXFileReference; lastKnownFileType = file.storyboard; name = Base; path = Base.lproj/Main.storyboard; sourceTree = "<group>"; };
		3FEA92D921C769CB00F2386F /* Assets.xcassets */ = {isa = PBXFileReference; lastKnownFileType = folder.assetcatalog; path = Assets.xcassets; sourceTree = "<group>"; };
		3FEA92DC21C769CB00F2386F /* Base */ = {isa = PBXFileReference; lastKnownFileType = file.storyboard; name = Base; path = Base.lproj/LaunchScreen.storyboard; sourceTree = "<group>"; };
		3FEA92DE21C769CB00F2386F /* Info.plist */ = {isa = PBXFileReference; lastKnownFileType = text.plist.xml; path = Info.plist; sourceTree = "<group>"; };
		3FEA930221C7775000F2386F /* CitysTableViewController.swift */ = {isa = PBXFileReference; lastKnownFileType = sourcecode.swift; path = CitysTableViewController.swift; sourceTree = "<group>"; };
		3FEA930421C7795B00F2386F /* CityWeatherViewController.swift */ = {isa = PBXFileReference; lastKnownFileType = sourcecode.swift; path = CityWeatherViewController.swift; sourceTree = "<group>"; };
		3FEA930621C789EF00F2386F /* Cityinfo.swift */ = {isa = PBXFileReference; lastKnownFileType = sourcecode.swift; path = Cityinfo.swift; sourceTree = "<group>"; };
		EEA01DED21C9C7A70075E039 /* Alamofire.xcodeproj */ = {isa = PBXFileReference; lastKnownFileType = "wrapper.pb-project"; name = Alamofire.xcodeproj; path = "Alamofire-master/Alamofire.xcodeproj"; sourceTree = "<group>"; };
/* End PBXFileReference section */

/* Begin PBXFrameworksBuildPhase section */
		3FEA92CC21C769C800F2386F /* Frameworks */ = {
			isa = PBXFrameworksBuildPhase;
			buildActionMask = 2147483647;
			files = (
				EEA01E0621C9C7B20075E039 /* Alamofire.framework in Frameworks */,
			);
			runOnlyForDeploymentPostprocessing = 0;
		};
/* End PBXFrameworksBuildPhase section */

/* Begin PBXGroup section */
		3FEA92C621C769C800F2386F = {
			isa = PBXGroup;
			children = (
				EEA01DED21C9C7A70075E039 /* Alamofire.xcodeproj */,
				3FEA92D121C769C800F2386F /* netWork */,
				3FEA92D021C769C800F2386F /* Products */,
			);
			sourceTree = "<group>";
		};
		3FEA92D021C769C800F2386F /* Products */ = {
			isa = PBXGroup;
			children = (
				3FEA92CF21C769C800F2386F /* netWork.app */,
			);
			name = Products;
			sourceTree = "<group>";
		};
		3FEA92D121C769C800F2386F /* netWork */ = {
			isa = PBXGroup;
			children = (
				3FEA92D221C769C800F2386F /* AppDelegate.swift */,
				3FEA92D421C769C800F2386F /* ViewController.swift */,
				3FEA92D621C769C800F2386F /* Main.storyboard */,
				3FEA92D921C769CB00F2386F /* Assets.xcassets */,
				3FEA92DB21C769CB00F2386F /* LaunchScreen.storyboard */,
				3FEA92DE21C769CB00F2386F /* Info.plist */,
				3FEA930221C7775000F2386F /* CitysTableViewController.swift */,
				3FEA930421C7795B00F2386F /* CityWeatherViewController.swift */,
				3FEA930621C789EF00F2386F /* Cityinfo.swift */,
			);
			path = netWork;
			sourceTree = "<group>";
		};
		EEA01DEE21C9C7A70075E039 /* Products */ = {
			isa = PBXGroup;
			children = (
				EEA01DF921C9C7A70075E039 /* Alamofire.framework */,
				EEA01DFB21C9C7A70075E039 /* Alamofire iOS Tests.xctest */,
				EEA01DFD21C9C7A70075E039 /* Alamofire.framework */,
				EEA01DFF21C9C7A70075E039 /* Alamofire macOS Tests.xctest */,
				EEA01E0121C9C7A70075E039 /* Alamofire.framework */,
				EEA01E0321C9C7A70075E039 /* Alamofire tvOS Tests.xctest */,
				EEA01E0521C9C7A70075E039 /* Alamofire.framework */,
			);
			name = Products;
			sourceTree = "<group>";
		};
/* End PBXGroup section */

/* Begin PBXNativeTarget section */
		3FEA92CE21C769C800F2386F /* netWork */ = {
			isa = PBXNativeTarget;
			buildConfigurationList = 3FEA92E121C769CB00F2386F /* Build configuration list for PBXNativeTarget "netWork" */;
			buildPhases = (
				3FEA92CB21C769C800F2386F /* Sources */,
				3FEA92CC21C769C800F2386F /* Frameworks */,
				3FEA92CD21C769C800F2386F /* Resources */,
				3FEA930121C76A4200F2386F /* Embed Frameworks */,
			);
			buildRules = (
			);
			dependencies = (
				EEA01E0921C9C7B20075E039 /* PBXTargetDependency */,
			);
			name = netWork;
			productName = exp13_3;
			productReference = 3FEA92CF21C769C800F2386F /* netWork.app */;
			productType = "com.apple.product-type.application";
		};
/* End PBXNativeTarget section */

/* Begin PBXProject section */
		3FEA92C721C769C800F2386F /* Project object */ = {
			isa = PBXProject;
			attributes = {
				LastSwiftUpdateCheck = 1000;
				LastUpgradeCheck = 1000;
				ORGANIZATIONNAME = Jxkicker;
				TargetAttributes = {
					3FEA92CE21C769C800F2386F = {
						CreatedOnToolsVersion = 10.0;
					};
				};
			};
			buildConfigurationList = 3FEA92CA21C769C800F2386F /* Build configuration list for PBXProject "netWork" */;
			compatibilityVersion = "Xcode 9.3";
			developmentRegion = en;
			hasScannedForEncodings = 0;
			knownRegions = (
				en,
				Base,
			);
			mainGroup = 3FEA92C621C769C800F2386F;
			productRefGroup = 3FEA92D021C769C800F2386F /* Products */;
			projectDirPath = "";
			projectReferences = (
				{
					ProductGroup = EEA01DEE21C9C7A70075E039 /* Products */;
					ProjectRef = EEA01DED21C9C7A70075E039 /* Alamofire.xcodeproj */;
				},
			);
			projectRoot = "";
			targets = (
				3FEA92CE21C769C800F2386F /* netWork */,
			);
		};
/* End PBXProject section */

/* Begin PBXReferenceProxy section */
		EEA01DF921C9C7A70075E039 /* Alamofire.framework */ = {
			isa = PBXReferenceProxy;
			fileType = wrapper.framework;
			path = Alamofire.framework;
			remoteRef = EEA01DF821C9C7A70075E039 /* PBXContainerItemProxy */;
			sourceTree = BUILT_PRODUCTS_DIR;
		};
		EEA01DFB21C9C7A70075E039 /* Alamofire iOS Tests.xctest */ = {
			isa = PBXReferenceProxy;
			fileType = wrapper.cfbundle;
			path = "Alamofire iOS Tests.xctest";
			remoteRef = EEA01DFA21C9C7A70075E039 /* PBXContainerItemProxy */;
			sourceTree = BUILT_PRODUCTS_DIR;
		};
		EEA01DFD21C9C7A70075E039 /* Alamofire.framework */ = {
			isa = PBXReferenceProxy;
			fileType = wrapper.framework;
			path = Alamofire.framework;
			remoteRef = EEA01DFC21C9C7A70075E039 /* PBXContainerItemProxy */;
			sourceTree = BUILT_PRODUCTS_DIR;
		};
		EEA01DFF21C9C7A70075E039 /* Alamofire macOS Tests.xctest */ = {
			isa = PBXReferenceProxy;
			fileType = wrapper.cfbundle;
			path = "Alamofire macOS Tests.xctest";
			remoteRef = EEA01DFE21C9C7A70075E039 /* PBXContainerItemProxy */;
			sourceTree = BUILT_PRODUCTS_DIR;
		};
		EEA01E0121C9C7A70075E039 /* Alamofire.framework */ = {
			isa = PBXReferenceProxy;
			fileType = wrapper.framework;
			path = Alamofire.framework;
			remoteRef = EEA01E0021C9C7A70075E039 /* PBXContainerItemProxy */;
			sourceTree = BUILT_PRODUCTS_DIR;
		};
		EEA01E0321C9C7A70075E039 /* Alamofire tvOS Tests.xctest */ = {
			isa = PBXReferenceProxy;
			fileType = wrapper.cfbundle;
			path = "Alamofire tvOS Tests.xctest";
			remoteRef = EEA01E0221C9C7A70075E039 /* PBXContainerItemProxy */;
			sourceTree = BUILT_PRODUCTS_DIR;
		};
		EEA01E0521C9C7A70075E039 /* Alamofire.framework */ = {
			isa = PBXReferenceProxy;
			fileType = wrapper.framework;
			path = Alamofire.framework;
			remoteRef = EEA01E0421C9C7A70075E039 /* PBXContainerItemProxy */;
			sourceTree = BUILT_PRODUCTS_DIR;
		};
/* End PBXReferenceProxy section */

/* Begin PBXResourcesBuildPhase section */
		3FEA92CD21C769C800F2386F /* Resources */ = {
			isa = PBXResourcesBuildPhase;
			buildActionMask = 2147483647;
			files = (
				3FEA92DD21C769CB00F2386F /* LaunchScreen.storyboard in Resources */,
				3FEA92DA21C769CB00F2386F /* Assets.xcassets in Resources */,
				3FEA92D821C769C800F2386F /* Main.storyboard in Resources */,
			);
			runOnlyForDeploymentPostprocessing = 0;
		};
/* End PBXResourcesBuildPhase section */

/* Begin PBXSourcesBuildPhase section */
		3FEA92CB21C769C800F2386F /* Sources */ = {
			isa = PBXSourcesBuildPhase;
			buildActionMask = 2147483647;
			files = (
				3FEA930721C789EF00F2386F /* Cityinfo.swift in Sources */,
				3FEA92D521C769C800F2386F /* ViewController.swift in Sources */,
				3FEA930321C7775000F2386F /* CitysTableViewController.swift in Sources */,
				3FEA92D321C769C800F2386F /* AppDelegate.swift in Sources */,
				3FEA930521C7795B00F2386F /* CityWeatherViewController.swift in Sources */,
			);
			runOnlyForDeploymentPostprocessing = 0;
		};
/* End PBXSourcesBuildPhase section */

/* Begin PBXTargetDependency section */
		EEA01E0921C9C7B20075E039 /* PBXTargetDependency */ = {
			isa = PBXTargetDependency;
			name = "Alamofire iOS";
			targetProxy = EEA01E0821C9C7B20075E039 /* PBXContainerItemProxy */;
		};
/* End PBXTargetDependency section */

/* Begin PBXVariantGroup section */
		3FEA92D621C769C800F2386F /* Main.storyboard */ = {
			isa = PBXVariantGroup;
			children = (
				3FEA92D721C769C800F2386F /* Base */,
			);
			name = Main.storyboard;
			sourceTree = "<group>";
		};
		3FEA92DB21C769CB00F2386F /* LaunchScreen.storyboard */ = {
			isa = PBXVariantGroup;
			children = (
				3FEA92DC21C769CB00F2386F /* Base */,
			);
			name = LaunchScreen.storyboard;
			sourceTree = "<group>";
		};
/* End PBXVariantGroup section */

/* Begin XCBuildConfiguration section */
		3FEA92DF21C769CB00F2386F /* Debug */ = {
			isa = XCBuildConfiguration;
			buildSettings = {
				ALWAYS_SEARCH_USER_PATHS = NO;
				CLANG_ANALYZER_NONNULL = YES;
				CLANG_ANALYZER_NUMBER_OBJECT_CONVERSION = YES_AGGRESSIVE;
				CLANG_CXX_LANGUAGE_STANDARD = "gnu++14";
				CLANG_CXX_LIBRARY = "libc++";
				CLANG_ENABLE_MODULES = YES;
				CLANG_ENABLE_OBJC_ARC = YES;
				CLANG_ENABLE_OBJC_WEAK = YES;
				CLANG_WARN_BLOCK_CAPTURE_AUTORELEASING = YES;
				CLANG_WARN_BOOL_CONVERSION = YES;
				CLANG_WARN_COMMA = YES;
				CLANG_WARN_CONSTANT_CONVERSION = YES;
				CLANG_WARN_DEPRECATED_OBJC_IMPLEMENTATIONS = YES;
				CLANG_WARN_DIRECT_OBJC_ISA_USAGE = YES_ERROR;
				CLANG_WARN_DOCUMENTATION_COMMENTS = YES;
				CLANG_WARN_EMPTY_BODY = YES;
				CLANG_WARN_ENUM_CONVERSION = YES;
				CLANG_WARN_INFINITE_RECURSION = YES;
				CLANG_WARN_INT_CONVERSION = YES;
				CLANG_WARN_NON_LITERAL_NULL_CONVERSION = YES;
				CLANG_WARN_OBJC_IMPLICIT_RETAIN_SELF = YES;
				CLANG_WARN_OBJC_LITERAL_CONVERSION = YES;
				CLANG_WARN_OBJC_ROOT_CLASS = YES_ERROR;
				CLANG_WARN_RANGE_LOOP_ANALYSIS = YES;
				CLANG_WARN_STRICT_PROTOTYPES = YES;
				CLANG_WARN_SUSPICIOUS_MOVE = YES;
				CLANG_WARN_UNGUARDED_AVAILABILITY = YES_AGGRESSIVE;
				CLANG_WARN_UNREACHABLE_CODE = YES;
				CLANG_WARN__DUPLICATE_METHOD_MATCH = YES;
				CODE_SIGN_IDENTITY = "iPhone Developer";
				COPY_PHASE_STRIP = NO;
				DEBUG_INFORMATION_FORMAT = dwarf;
				ENABLE_STRICT_OBJC_MSGSEND = YES;
				ENABLE_TESTABILITY = YES;
				GCC_C_LANGUAGE_STANDARD = gnu11;
				GCC_DYNAMIC_NO_PIC = NO;
				GCC_NO_COMMON_BLOCKS = YES;
				GCC_OPTIMIZATION_LEVEL = 0;
				GCC_PREPROCESSOR_DEFINITIONS = (
					"DEBUG=1",
					"$(inherited)",
				);
				GCC_WARN_64_TO_32_BIT_CONVERSION = YES;
				GCC_WARN_ABOUT_RETURN_TYPE = YES_ERROR;
				GCC_WARN_UNDECLARED_SELECTOR = YES;
				GCC_WARN_UNINITIALIZED_AUTOS = YES_AGGRESSIVE;
				GCC_WARN_UNUSED_FUNCTION = YES;
				GCC_WARN_UNUSED_VARIABLE = YES;
				IPHONEOS_DEPLOYMENT_TARGET = 12.0;
				MTL_ENABLE_DEBUG_INFO = INCLUDE_SOURCE;
				MTL_FAST_MATH = YES;
				ONLY_ACTIVE_ARCH = YES;
				SDKROOT = iphoneos;
				SWIFT_ACTIVE_COMPILATION_CONDITIONS = DEBUG;
				SWIFT_OPTIMIZATION_LEVEL = "-Onone";
			};
			name = Debug;
		};
		3FEA92E021C769CB00F2386F /* Release */ = {
			isa = XCBuildConfiguration;
			buildSettings = {
				ALWAYS_SEARCH_USER_PATHS = NO;
				CLANG_ANALYZER_NONNULL = YES;
				CLANG_ANALYZER_NUMBER_OBJECT_CONVERSION = YES_AGGRESSIVE;
				CLANG_CXX_LANGUAGE_STANDARD = "gnu++14";
				CLANG_CXX_LIBRARY = "libc++";
				CLANG_ENABLE_MODULES = YES;
				CLANG_ENABLE_OBJC_ARC = YES;
				CLANG_ENABLE_OBJC_WEAK = YES;
				CLANG_WARN_BLOCK_CAPTURE_AUTORELEASING = YES;
				CLANG_WARN_BOOL_CONVERSION = YES;
				CLANG_WARN_COMMA = YES;
				CLANG_WARN_CONSTANT_CONVERSION = YES;
				CLANG_WARN_DEPRECATED_OBJC_IMPLEMENTATIONS = YES;
				CLANG_WARN_DIRECT_OBJC_ISA_USAGE = YES_ERROR;
				CLANG_WARN_DOCUMENTATION_COMMENTS = YES;
				CLANG_WARN_EMPTY_BODY = YES;
				CLANG_WARN_ENUM_CONVERSION = YES;
				CLANG_WARN_INFINITE_RECURSION = YES;
				CLANG_WARN_INT_CONVERSION = YES;
				CLANG_WARN_NON_LITERAL_NULL_CONVERSION = YES;
				CLANG_WARN_OBJC_IMPLICIT_RETAIN_SELF = YES;
				CLANG_WARN_OBJC_LITERAL_CONVERSION = YES;
				CLANG_WARN_OBJC_ROOT_CLASS = YES_ERROR;
				CLANG_WARN_RANGE_LOOP_ANALYSIS = YES;
				CLANG_WARN_STRICT_PROTOTYPES = YES;
				CLANG_WARN_SUSPICIOUS_MOVE = YES;
				CLANG_WARN_UNGUARDED_AVAILABILITY = YES_AGGRESSIVE;
				CLANG_WARN_UNREACHABLE_CODE = YES;
				CLANG_WARN__DUPLICATE_METHOD_MATCH = YES;
				CODE_SIGN_IDENTITY = "iPhone Developer";
				COPY_PHASE_STRIP = NO;
				DEBUG_INFORMATION_FORMAT = "dwarf-with-dsym";
				ENABLE_NS_ASSERTIONS = NO;
				ENABLE_STRICT_OBJC_MSGSEND = YES;
				GCC_C_LANGUAGE_STANDARD = gnu11;
				GCC_NO_COMMON_BLOCKS = YES;
				GCC_WARN_64_TO_32_BIT_CONVERSION = YES;
				GCC_WARN_ABOUT_RETURN_TYPE = YES_ERROR;
				GCC_WARN_UNDECLARED_SELECTOR = YES;
				GCC_WARN_UNINITIALIZED_AUTOS = YES_AGGRESSIVE;
				GCC_WARN_UNUSED_FUNCTION = YES;
				GCC_WARN_UNUSED_VARIABLE = YES;
				IPHONEOS_DEPLOYMENT_TARGET = 12.0;
				MTL_ENABLE_DEBUG_INFO = NO;
				MTL_FAST_MATH = YES;
				SDKROOT = iphoneos;
				SWIFT_COMPILATION_MODE = wholemodule;
				SWIFT_OPTIMIZATION_LEVEL = "-O";
				VALIDATE_PRODUCT = YES;
			};
			name = Release;
		};
		3FEA92E221C769CB00F2386F /* Debug */ = {
			isa = XCBuildConfiguration;
			buildSettings = {
				ALWAYS_EMBED_SWIFT_STANDARD_LIBRARIES = YES;
				ASSETCATALOG_COMPILER_APPICON_NAME = AppIcon;
				CODE_SIGN_STYLE = Automatic;
				INFOPLIST_FILE = "$(SRCROOT)/netWork/Info.plist";
				LD_RUNPATH_SEARCH_PATHS = (
					"$(inherited)",
					"@executable_path/Frameworks",
				);
				PRODUCT_BUNDLE_IDENTIFIER = "-016110418.exp13-3";
				PRODUCT_NAME = "$(TARGET_NAME)";
				SWIFT_VERSION = 4.2;
				TARGETED_DEVICE_FAMILY = "1,2";
			};
			name = Debug;
		};
		3FEA92E321C769CB00F2386F /* Release */ = {
			isa = XCBuildConfiguration;
			buildSettings = {
				ALWAYS_EMBED_SWIFT_STANDARD_LIBRARIES = YES;
				ASSETCATALOG_COMPILER_APPICON_NAME = AppIcon;
				CODE_SIGN_STYLE = Automatic;
				INFOPLIST_FILE = "$(SRCROOT)/netWork/Info.plist";
				LD_RUNPATH_SEARCH_PATHS = (
					"$(inherited)",
					"@executable_path/Frameworks",
				);
				PRODUCT_BUNDLE_IDENTIFIER = "-016110418.exp13-3";
				PRODUCT_NAME = "$(TARGET_NAME)";
				SWIFT_VERSION = 4.2;
				TARGETED_DEVICE_FAMILY = "1,2";
			};
			name = Release;
		};
/* End XCBuildConfiguration section */

/* Begin XCConfigurationList section */
		3FEA92CA21C769C800F2386F /* Build configuration list for PBXProject "netWork" */ = {
			isa = XCConfigurationList;
			buildConfigurations = (
				3FEA92DF21C769CB00F2386F /* Debug */,
				3FEA92E021C769CB00F2386F /* Release */,
			);
			defaultConfigurationIsVisible = 0;
			defaultConfigurationName = Release;
		};
		3FEA92E121C769CB00F2386F /* Build configuration list for PBXNativeTarget "netWork" */ = {
			isa = XCConfigurationList;
			buildConfigurations = (
				3FEA92E221C769CB00F2386F /* Debug */,
				3FEA92E321C769CB00F2386F /* Release */,
			);
			defaultConfigurationIsVisible = 0;
			defaultConfigurationName = Release;
		};
/* End XCConfigurationList section */
	};
	rootObject = 3FEA92C721C769C800F2386F /* Project object */;
}
