// !$*UTF8*$!
{
	archiveVersion = 1;
	classes = {
	};
	objectVersion = 50;
	objects = {

/* Begin PBXBuildFile section */
		EE2B9DE621970BFC0052D933 /* AppDelegate.swift in Sources */ = {isa = PBXBuildFile; fileRef = EE2B9DE521970BFB0052D933 /* AppDelegate.swift */; };
		EE2B9DE821970BFC0052D933 /* ViewController.swift in Sources */ = {isa = PBXBuildFile; fileRef = EE2B9DE721970BFC0052D933 /* ViewController.swift */; };
		EE2B9DEB21970BFC0052D933 /* Main.storyboard in Resources */ = {isa = PBXBuildFile; fileRef = EE2B9DE921970BFC0052D933 /* Main.storyboard */; };
		EE2B9DED21970BFC0052D933 /* Assets.xcassets in Resources */ = {isa = PBXBuildFile; fileRef = EE2B9DEC21970BFC0052D933 /* Assets.xcassets */; };
		EE2B9DF021970BFC0052D933 /* LaunchScreen.storyboard in Resources */ = {isa = PBXBuildFile; fileRef = EE2B9DEE21970BFC0052D933 /* LaunchScreen.storyboard */; };
		EE2B9DFB21970BFC0052D933 /* AutolayoutThreeTests.swift in Sources */ = {isa = PBXBuildFile; fileRef = EE2B9DFA21970BFC0052D933 /* AutolayoutThreeTests.swift */; };
		EE2B9E0621970BFC0052D933 /* AutolayoutThreeUITests.swift in Sources */ = {isa = PBXBuildFile; fileRef = EE2B9E0521970BFC0052D933 /* AutolayoutThreeUITests.swift */; };
/* End PBXBuildFile section */

/* Begin PBXContainerItemProxy section */
		EE2B9DF721970BFC0052D933 /* PBXContainerItemProxy */ = {
			isa = PBXContainerItemProxy;
			containerPortal = EE2B9DDA21970BFB0052D933 /* Project object */;
			proxyType = 1;
			remoteGlobalIDString = EE2B9DE121970BFB0052D933;
			remoteInfo = AutolayoutThree;
		};
		EE2B9E0221970BFC0052D933 /* PBXContainerItemProxy */ = {
			isa = PBXContainerItemProxy;
			containerPortal = EE2B9DDA21970BFB0052D933 /* Project object */;
			proxyType = 1;
			remoteGlobalIDString = EE2B9DE121970BFB0052D933;
			remoteInfo = AutolayoutThree;
		};
/* End PBXContainerItemProxy section */

/* Begin PBXFileReference section */
		EE2B9DE221970BFB0052D933 /* AutolayoutThree.app */ = {isa = PBXFileReference; explicitFileType = wrapper.application; includeInIndex = 0; path = AutolayoutThree.app; sourceTree = BUILT_PRODUCTS_DIR; };
		EE2B9DE521970BFB0052D933 /* AppDelegate.swift */ = {isa = PBXFileReference; lastKnownFileType = sourcecode.swift; path = AppDelegate.swift; sourceTree = "<group>"; };
		EE2B9DE721970BFC0052D933 /* ViewController.swift */ = {isa = PBXFileReference; lastKnownFileType = sourcecode.swift; path = ViewController.swift; sourceTree = "<group>"; };
		EE2B9DEA21970BFC0052D933 /* Base */ = {isa = PBXFileReference; lastKnownFileType = file.storyboard; name = Base; path = Base.lproj/Main.storyboard; sourceTree = "<group>"; };
		EE2B9DEC21970BFC0052D933 /* Assets.xcassets */ = {isa = PBXFileReference; lastKnownFileType = folder.assetcatalog; path = Assets.xcassets; sourceTree = "<group>"; };
		EE2B9DEF21970BFC0052D933 /* Base */ = {isa = PBXFileReference; lastKnownFileType = file.storyboard; name = Base; path = Base.lproj/LaunchScreen.storyboard; sourceTree = "<group>"; };
		EE2B9DF121970BFC0052D933 /* Info.plist */ = {isa = PBXFileReference; lastKnownFileType = text.plist.xml; path = Info.plist; sourceTree = "<group>"; };
		EE2B9DF621970BFC0052D933 /* AutolayoutThreeTests.xctest */ = {isa = PBXFileReference; explicitFileType = wrapper.cfbundle; includeInIndex = 0; path = AutolayoutThreeTests.xctest; sourceTree = BUILT_PRODUCTS_DIR; };
		EE2B9DFA21970BFC0052D933 /* AutolayoutThreeTests.swift */ = {isa = PBXFileReference; lastKnownFileType = sourcecode.swift; path = AutolayoutThreeTests.swift; sourceTree = "<group>"; };
		EE2B9DFC21970BFC0052D933 /* Info.plist */ = {isa = PBXFileReference; lastKnownFileType = text.plist.xml; path = Info.plist; sourceTree = "<group>"; };
		EE2B9E0121970BFC0052D933 /* AutolayoutThreeUITests.xctest */ = {isa = PBXFileReference; explicitFileType = wrapper.cfbundle; includeInIndex = 0; path = AutolayoutThreeUITests.xctest; sourceTree = BUILT_PRODUCTS_DIR; };
		EE2B9E0521970BFC0052D933 /* AutolayoutThreeUITests.swift */ = {isa = PBXFileReference; lastKnownFileType = sourcecode.swift; path = AutolayoutThreeUITests.swift; sourceTree = "<group>"; };
		EE2B9E0721970BFC0052D933 /* Info.plist */ = {isa = PBXFileReference; lastKnownFileType = text.plist.xml; path = Info.plist; sourceTree = "<group>"; };
/* End PBXFileReference section */

/* Begin PBXFrameworksBuildPhase section */
		EE2B9DDF21970BFB0052D933 /* Frameworks */ = {
			isa = PBXFrameworksBuildPhase;
			buildActionMask = 2147483647;
			files = (
			);
			runOnlyForDeploymentPostprocessing = 0;
		};
		EE2B9DF321970BFC0052D933 /* Frameworks */ = {
			isa = PBXFrameworksBuildPhase;
			buildActionMask = 2147483647;
			files = (
			);
			runOnlyForDeploymentPostprocessing = 0;
		};
		EE2B9DFE21970BFC0052D933 /* Frameworks */ = {
			isa = PBXFrameworksBuildPhase;
			buildActionMask = 2147483647;
			files = (
			);
			runOnlyForDeploymentPostprocessing = 0;
		};
/* End PBXFrameworksBuildPhase section */

/* Begin PBXGroup section */
		EE2B9DD921970BFB0052D933 = {
			isa = PBXGroup;
			children = (
				EE2B9DE421970BFB0052D933 /* AutolayoutThree */,
				EE2B9DF921970BFC0052D933 /* AutolayoutThreeTests */,
				EE2B9E0421970BFC0052D933 /* AutolayoutThreeUITests */,
				EE2B9DE321970BFB0052D933 /* Products */,
			);
			sourceTree = "<group>";
		};
		EE2B9DE321970BFB0052D933 /* Products */ = {
			isa = PBXGroup;
			children = (
				EE2B9DE221970BFB0052D933 /* AutolayoutThree.app */,
				EE2B9DF621970BFC0052D933 /* AutolayoutThreeTests.xctest */,
				EE2B9E0121970BFC0052D933 /* AutolayoutThreeUITests.xctest */,
			);
			name = Products;
			sourceTree = "<group>";
		};
		EE2B9DE421970BFB0052D933 /* AutolayoutThree */ = {
			isa = PBXGroup;
			children = (
				EE2B9DE521970BFB0052D933 /* AppDelegate.swift */,
				EE2B9DE721970BFC0052D933 /* ViewController.swift */,
				EE2B9DE921970BFC0052D933 /* Main.storyboard */,
				EE2B9DEC21970BFC0052D933 /* Assets.xcassets */,
				EE2B9DEE21970BFC0052D933 /* LaunchScreen.storyboard */,
				EE2B9DF121970BFC0052D933 /* Info.plist */,
			);
			path = AutolayoutThree;
			sourceTree = "<group>";
		};
		EE2B9DF921970BFC0052D933 /* AutolayoutThreeTests */ = {
			isa = PBXGroup;
			children = (
				EE2B9DFA21970BFC0052D933 /* AutolayoutThreeTests.swift */,
				EE2B9DFC21970BFC0052D933 /* Info.plist */,
			);
			path = AutolayoutThreeTests;
			sourceTree = "<group>";
		};
		EE2B9E0421970BFC0052D933 /* AutolayoutThreeUITests */ = {
			isa = PBXGroup;
			children = (
				EE2B9E0521970BFC0052D933 /* AutolayoutThreeUITests.swift */,
				EE2B9E0721970BFC0052D933 /* Info.plist */,
			);
			path = AutolayoutThreeUITests;
			sourceTree = "<group>";
		};
/* End PBXGroup section */

/* Begin PBXNativeTarget section */
		EE2B9DE121970BFB0052D933 /* AutolayoutThree */ = {
			isa = PBXNativeTarget;
			buildConfigurationList = EE2B9E0A21970BFC0052D933 /* Build configuration list for PBXNativeTarget "AutolayoutThree" */;
			buildPhases = (
				EE2B9DDE21970BFB0052D933 /* Sources */,
				EE2B9DDF21970BFB0052D933 /* Frameworks */,
				EE2B9DE021970BFB0052D933 /* Resources */,
			);
			buildRules = (
			);
			dependencies = (
			);
			name = AutolayoutThree;
			productName = AutolayoutThree;
			productReference = EE2B9DE221970BFB0052D933 /* AutolayoutThree.app */;
			productType = "com.apple.product-type.application";
		};
		EE2B9DF521970BFC0052D933 /* AutolayoutThreeTests */ = {
			isa = PBXNativeTarget;
			buildConfigurationList = EE2B9E0D21970BFC0052D933 /* Build configuration list for PBXNativeTarget "AutolayoutThreeTests" */;
			buildPhases = (
				EE2B9DF221970BFC0052D933 /* Sources */,
				EE2B9DF321970BFC0052D933 /* Frameworks */,
				EE2B9DF421970BFC0052D933 /* Resources */,
			);
			buildRules = (
			);
			dependencies = (
				EE2B9DF821970BFC0052D933 /* PBXTargetDependency */,
			);
			name = AutolayoutThreeTests;
			productName = AutolayoutThreeTests;
			productReference = EE2B9DF621970BFC0052D933 /* AutolayoutThreeTests.xctest */;
			productType = "com.apple.product-type.bundle.unit-test";
		};
		EE2B9E0021970BFC0052D933 /* AutolayoutThreeUITests */ = {
			isa = PBXNativeTarget;
			buildConfigurationList = EE2B9E1021970BFC0052D933 /* Build configuration list for PBXNativeTarget "AutolayoutThreeUITests" */;
			buildPhases = (
				EE2B9DFD21970BFC0052D933 /* Sources */,
				EE2B9DFE21970BFC0052D933 /* Frameworks */,
				EE2B9DFF21970BFC0052D933 /* Resources */,
			);
			buildRules = (
			);
			dependencies = (
				EE2B9E0321970BFC0052D933 /* PBXTargetDependency */,
			);
			name = AutolayoutThreeUITests;
			productName = AutolayoutThreeUITests;
			productReference = EE2B9E0121970BFC0052D933 /* AutolayoutThreeUITests.xctest */;
			productType = "com.apple.product-type.bundle.ui-testing";
		};
/* End PBXNativeTarget section */

/* Begin PBXProject section */
		EE2B9DDA21970BFB0052D933 /* Project object */ = {
			isa = PBXProject;
			attributes = {
				LastSwiftUpdateCheck = 0940;
				LastUpgradeCheck = 0940;
				ORGANIZATIONNAME = jiang;
				TargetAttributes = {
					EE2B9DE121970BFB0052D933 = {
						CreatedOnToolsVersion = 9.4.1;
					};
					EE2B9DF521970BFC0052D933 = {
						CreatedOnToolsVersion = 9.4.1;
						TestTargetID = EE2B9DE121970BFB0052D933;
					};
					EE2B9E0021970BFC0052D933 = {
						CreatedOnToolsVersion = 9.4.1;
						TestTargetID = EE2B9DE121970BFB0052D933;
					};
				};
			};
			buildConfigurationList = EE2B9DDD21970BFB0052D933 /* Build configuration list for PBXProject "AutolayoutThree" */;
			compatibilityVersion = "Xcode 9.3";
			developmentRegion = en;
			hasScannedForEncodings = 0;
			knownRegions = (
				en,
				Base,
			);
			mainGroup = EE2B9DD921970BFB0052D933;
			productRefGroup = EE2B9DE321970BFB0052D933 /* Products */;
			projectDirPath = "";
			projectRoot = "";
			targets = (
				EE2B9DE121970BFB0052D933 /* AutolayoutThree */,
				EE2B9DF521970BFC0052D933 /* AutolayoutThreeTests */,
				EE2B9E0021970BFC0052D933 /* AutolayoutThreeUITests */,
			);
		};
/* End PBXProject section */

/* Begin PBXResourcesBuildPhase section */
		EE2B9DE021970BFB0052D933 /* Resources */ = {
			isa = PBXResourcesBuildPhase;
			buildActionMask = 2147483647;
			files = (
				EE2B9DF021970BFC0052D933 /* LaunchScreen.storyboard in Resources */,
				EE2B9DED21970BFC0052D933 /* Assets.xcassets in Resources */,
				EE2B9DEB21970BFC0052D933 /* Main.storyboard in Resources */,
			);
			runOnlyForDeploymentPostprocessing = 0;
		};
		EE2B9DF421970BFC0052D933 /* Resources */ = {
			isa = PBXResourcesBuildPhase;
			buildActionMask = 2147483647;
			files = (
			);
			runOnlyForDeploymentPostprocessing = 0;
		};
		EE2B9DFF21970BFC0052D933 /* Resources */ = {
			isa = PBXResourcesBuildPhase;
			buildActionMask = 2147483647;
			files = (
			);
			runOnlyForDeploymentPostprocessing = 0;
		};
/* End PBXResourcesBuildPhase section */

/* Begin PBXSourcesBuildPhase section */
		EE2B9DDE21970BFB0052D933 /* Sources */ = {
			isa = PBXSourcesBuildPhase;
			buildActionMask = 2147483647;
			files = (
				EE2B9DE821970BFC0052D933 /* ViewController.swift in Sources */,
				EE2B9DE621970BFC0052D933 /* AppDelegate.swift in Sources */,
			);
			runOnlyForDeploymentPostprocessing = 0;
		};
		EE2B9DF221970BFC0052D933 /* Sources */ = {
			isa = PBXSourcesBuildPhase;
			buildActionMask = 2147483647;
			files = (
				EE2B9DFB21970BFC0052D933 /* AutolayoutThreeTests.swift in Sources */,
			);
			runOnlyForDeploymentPostprocessing = 0;
		};
		EE2B9DFD21970BFC0052D933 /* Sources */ = {
			isa = PBXSourcesBuildPhase;
			buildActionMask = 2147483647;
			files = (
				EE2B9E0621970BFC0052D933 /* AutolayoutThreeUITests.swift in Sources */,
			);
			runOnlyForDeploymentPostprocessing = 0;
		};
/* End PBXSourcesBuildPhase section */

/* Begin PBXTargetDependency section */
		EE2B9DF821970BFC0052D933 /* PBXTargetDependency */ = {
			isa = PBXTargetDependency;
			target = EE2B9DE121970BFB0052D933 /* AutolayoutThree */;
			targetProxy = EE2B9DF721970BFC0052D933 /* PBXContainerItemProxy */;
		};
		EE2B9E0321970BFC0052D933 /* PBXTargetDependency */ = {
			isa = PBXTargetDependency;
			target = EE2B9DE121970BFB0052D933 /* AutolayoutThree */;
			targetProxy = EE2B9E0221970BFC0052D933 /* PBXContainerItemProxy */;
		};
/* End PBXTargetDependency section */

/* Begin PBXVariantGroup section */
		EE2B9DE921970BFC0052D933 /* Main.storyboard */ = {
			isa = PBXVariantGroup;
			children = (
				EE2B9DEA21970BFC0052D933 /* Base */,
			);
			name = Main.storyboard;
			sourceTree = "<group>";
		};
		EE2B9DEE21970BFC0052D933 /* LaunchScreen.storyboard */ = {
			isa = PBXVariantGroup;
			children = (
				EE2B9DEF21970BFC0052D933 /* Base */,
			);
			name = LaunchScreen.storyboard;
			sourceTree = "<group>";
		};
/* End PBXVariantGroup section */

/* Begin XCBuildConfiguration section */
		EE2B9E0821970BFC0052D933 /* Debug */ = {
			isa = XCBuildConfiguration;
			buildSettings = {
				ALWAYS_SEARCH_USER_PATHS = NO;
				CLANG_ANALYZER_NONNULL = YES;
				CLANG_ANALYZER_NUMBER_OBJECT_CONVERSION = YES_AGGRESSIVE;
				CLANG_CXX_LANGUAGE_STANDARD = "gnu++14";
				CLANG_CXX_LIBRARY = "libc++";
				CLANG_ENABLE_MODULES = YES;
				CLANG_ENABLE_OBJC_ARC = YES;
				CLANG_ENABLE_OBJC_WEAK = YES;
				CLANG_WARN_BLOCK_CAPTURE_AUTORELEASING = YES;
				CLANG_WARN_BOOL_CONVERSION = YES;
				CLANG_WARN_COMMA = YES;
				CLANG_WARN_CONSTANT_CONVERSION = YES;
				CLANG_WARN_DEPRECATED_OBJC_IMPLEMENTATIONS = YES;
				CLANG_WARN_DIRECT_OBJC_ISA_USAGE = YES_ERROR;
				CLANG_WARN_DOCUMENTATION_COMMENTS = YES;
				CLANG_WARN_EMPTY_BODY = YES;
				CLANG_WARN_ENUM_CONVERSION = YES;
				CLANG_WARN_INFINITE_RECURSION = YES;
				CLANG_WARN_INT_CONVERSION = YES;
				CLANG_WARN_NON_LITERAL_NULL_CONVERSION = YES;
				CLANG_WARN_OBJC_IMPLICIT_RETAIN_SELF = YES;
				CLANG_WARN_OBJC_LITERAL_CONVERSION = YES;
				CLANG_WARN_OBJC_ROOT_CLASS = YES_ERROR;
				CLANG_WARN_RANGE_LOOP_ANALYSIS = YES;
				CLANG_WARN_STRICT_PROTOTYPES = YES;
				CLANG_WARN_SUSPICIOUS_MOVE = YES;
				CLANG_WARN_UNGUARDED_AVAILABILITY = YES_AGGRESSIVE;
				CLANG_WARN_UNREACHABLE_CODE = YES;
				CLANG_WARN__DUPLICATE_METHOD_MATCH = YES;
				CODE_SIGN_IDENTITY = "iPhone Developer";
				COPY_PHASE_STRIP = NO;
				DEBUG_INFORMATION_FORMAT = dwarf;
				ENABLE_STRICT_OBJC_MSGSEND = YES;
				ENABLE_TESTABILITY = YES;
				GCC_C_LANGUAGE_STANDARD = gnu11;
				GCC_DYNAMIC_NO_PIC = NO;
				GCC_NO_COMMON_BLOCKS = YES;
				GCC_OPTIMIZATION_LEVEL = 0;
				GCC_PREPROCESSOR_DEFINITIONS = (
					"DEBUG=1",
					"$(inherited)",
				);
				GCC_WARN_64_TO_32_BIT_CONVERSION = YES;
				GCC_WARN_ABOUT_RETURN_TYPE = YES_ERROR;
				GCC_WARN_UNDECLARED_SELECTOR = YES;
				GCC_WARN_UNINITIALIZED_AUTOS = YES_AGGRESSIVE;
				GCC_WARN_UNUSED_FUNCTION = YES;
				GCC_WARN_UNUSED_VARIABLE = YES;
				IPHONEOS_DEPLOYMENT_TARGET = 11.4;
				MTL_ENABLE_DEBUG_INFO = YES;
				ONLY_ACTIVE_ARCH = YES;
				SDKROOT = iphoneos;
				SWIFT_ACTIVE_COMPILATION_CONDITIONS = DEBUG;
				SWIFT_OPTIMIZATION_LEVEL = "-Onone";
			};
			name = Debug;
		};
		EE2B9E0921970BFC0052D933 /* Release */ = {
			isa = XCBuildConfiguration;
			buildSettings = {
				ALWAYS_SEARCH_USER_PATHS = NO;
				CLANG_ANALYZER_NONNULL = YES;
				CLANG_ANALYZER_NUMBER_OBJECT_CONVERSION = YES_AGGRESSIVE;
				CLANG_CXX_LANGUAGE_STANDARD = "gnu++14";
				CLANG_CXX_LIBRARY = "libc++";
				CLANG_ENABLE_MODULES = YES;
				CLANG_ENABLE_OBJC_ARC = YES;
				CLANG_ENABLE_OBJC_WEAK = YES;
				CLANG_WARN_BLOCK_CAPTURE_AUTORELEASING = YES;
				CLANG_WARN_BOOL_CONVERSION = YES;
				CLANG_WARN_COMMA = YES;
				CLANG_WARN_CONSTANT_CONVERSION = YES;
				CLANG_WARN_DEPRECATED_OBJC_IMPLEMENTATIONS = YES;
				CLANG_WARN_DIRECT_OBJC_ISA_USAGE = YES_ERROR;
				CLANG_WARN_DOCUMENTATION_COMMENTS = YES;
				CLANG_WARN_EMPTY_BODY = YES;
				CLANG_WARN_ENUM_CONVERSION = YES;
				CLANG_WARN_INFINITE_RECURSION = YES;
				CLANG_WARN_INT_CONVERSION = YES;
				CLANG_WARN_NON_LITERAL_NULL_CONVERSION = YES;
				CLANG_WARN_OBJC_IMPLICIT_RETAIN_SELF = YES;
				CLANG_WARN_OBJC_LITERAL_CONVERSION = YES;
				CLANG_WARN_OBJC_ROOT_CLASS = YES_ERROR;
				CLANG_WARN_RANGE_LOOP_ANALYSIS = YES;
				CLANG_WARN_STRICT_PROTOTYPES = YES;
				CLANG_WARN_SUSPICIOUS_MOVE = YES;
				CLANG_WARN_UNGUARDED_AVAILABILITY = YES_AGGRESSIVE;
				CLANG_WARN_UNREACHABLE_CODE = YES;
				CLANG_WARN__DUPLICATE_METHOD_MATCH = YES;
				CODE_SIGN_IDENTITY = "iPhone Developer";
				COPY_PHASE_STRIP = NO;
				DEBUG_INFORMATION_FORMAT = "dwarf-with-dsym";
				ENABLE_NS_ASSERTIONS = NO;
				ENABLE_STRICT_OBJC_MSGSEND = YES;
				GCC_C_LANGUAGE_STANDARD = gnu11;
				GCC_NO_COMMON_BLOCKS = YES;
				GCC_WARN_64_TO_32_BIT_CONVERSION = YES;
				GCC_WARN_ABOUT_RETURN_TYPE = YES_ERROR;
				GCC_WARN_UNDECLARED_SELECTOR = YES;
				GCC_WARN_UNINITIALIZED_AUTOS = YES_AGGRESSIVE;
				GCC_WARN_UNUSED_FUNCTION = YES;
				GCC_WARN_UNUSED_VARIABLE = YES;
				IPHONEOS_DEPLOYMENT_TARGET = 11.4;
				MTL_ENABLE_DEBUG_INFO = NO;
				SDKROOT = iphoneos;
				SWIFT_COMPILATION_MODE = wholemodule;
				SWIFT_OPTIMIZATION_LEVEL = "-O";
				VALIDATE_PRODUCT = YES;
			};
			name = Release;
		};
		EE2B9E0B21970BFC0052D933 /* Debug */ = {
			isa = XCBuildConfiguration;
			buildSettings = {
				ASSETCATALOG_COMPILER_APPICON_NAME = AppIcon;
				CODE_SIGN_STYLE = Automatic;
				DEVELOPMENT_TEAM = 2VLQ5AZ3L2;
				INFOPLIST_FILE = AutolayoutThree/Info.plist;
				LD_RUNPATH_SEARCH_PATHS = (
					"$(inherited)",
					"@executable_path/Frameworks",
				);
				PRODUCT_BUNDLE_IDENTIFIER = jiang.AutolayoutThree;
				PRODUCT_NAME = "$(TARGET_NAME)";
				SWIFT_VERSION = 4.0;
				TARGETED_DEVICE_FAMILY = "1,2";
			};
			name = Debug;
		};
		EE2B9E0C21970BFC0052D933 /* Release */ = {
			isa = XCBuildConfiguration;
			buildSettings = {
				ASSETCATALOG_COMPILER_APPICON_NAME = AppIcon;
				CODE_SIGN_STYLE = Automatic;
				DEVELOPMENT_TEAM = 2VLQ5AZ3L2;
				INFOPLIST_FILE = AutolayoutThree/Info.plist;
				LD_RUNPATH_SEARCH_PATHS = (
					"$(inherited)",
					"@executable_path/Frameworks",
				);
				PRODUCT_BUNDLE_IDENTIFIER = jiang.AutolayoutThree;
				PRODUCT_NAME = "$(TARGET_NAME)";
				SWIFT_VERSION = 4.0;
				TARGETED_DEVICE_FAMILY = "1,2";
			};
			name = Release;
		};
		EE2B9E0E21970BFC0052D933 /* Debug */ = {
			isa = XCBuildConfiguration;
			buildSettings = {
				ALWAYS_EMBED_SWIFT_STANDARD_LIBRARIES = YES;
				BUNDLE_LOADER = "$(TEST_HOST)";
				CODE_SIGN_STYLE = Automatic;
				DEVELOPMENT_TEAM = 2VLQ5AZ3L2;
				INFOPLIST_FILE = AutolayoutThreeTests/Info.plist;
				LD_RUNPATH_SEARCH_PATHS = (
					"$(inherited)",
					"@executable_path/Frameworks",
					"@loader_path/Frameworks",
				);
				PRODUCT_BUNDLE_IDENTIFIER = jiang.AutolayoutThreeTests;
				PRODUCT_NAME = "$(TARGET_NAME)";
				SWIFT_VERSION = 4.0;
				TARGETED_DEVICE_FAMILY = "1,2";
				TEST_HOST = "$(BUILT_PRODUCTS_DIR)/AutolayoutThree.app/AutolayoutThree";
			};
			name = Debug;
		};
		EE2B9E0F21970BFC0052D933 /* Release */ = {
			isa = XCBuildConfiguration;
			buildSettings = {
				ALWAYS_EMBED_SWIFT_STANDARD_LIBRARIES = YES;
				BUNDLE_LOADER = "$(TEST_HOST)";
				CODE_SIGN_STYLE = Automatic;
				DEVELOPMENT_TEAM = 2VLQ5AZ3L2;
				INFOPLIST_FILE = AutolayoutThreeTests/Info.plist;
				LD_RUNPATH_SEARCH_PATHS = (
					"$(inherited)",
					"@executable_path/Frameworks",
					"@loader_path/Frameworks",
				);
				PRODUCT_BUNDLE_IDENTIFIER = jiang.AutolayoutThreeTests;
				PRODUCT_NAME = "$(TARGET_NAME)";
				SWIFT_VERSION = 4.0;
				TARGETED_DEVICE_FAMILY = "1,2";
				TEST_HOST = "$(BUILT_PRODUCTS_DIR)/AutolayoutThree.app/AutolayoutThree";
			};
			name = Release;
		};
		EE2B9E1121970BFC0052D933 /* Debug */ = {
			isa = XCBuildConfiguration;
			buildSettings = {
				ALWAYS_EMBED_SWIFT_STANDARD_LIBRARIES = YES;
				CODE_SIGN_STYLE = Automatic;
				DEVELOPMENT_TEAM = 2VLQ5AZ3L2;
				INFOPLIST_FILE = AutolayoutThreeUITests/Info.plist;
				LD_RUNPATH_SEARCH_PATHS = (
					"$(inherited)",
					"@executable_path/Frameworks",
					"@loader_path/Frameworks",
				);
				PRODUCT_BUNDLE_IDENTIFIER = jiang.AutolayoutThreeUITests;
				PRODUCT_NAME = "$(TARGET_NAME)";
				SWIFT_VERSION = 4.0;
				TARGETED_DEVICE_FAMILY = "1,2";
				TEST_TARGET_NAME = AutolayoutThree;
			};
			name = Debug;
		};
		EE2B9E1221970BFC0052D933 /* Release */ = {
			isa = XCBuildConfiguration;
			buildSettings = {
				ALWAYS_EMBED_SWIFT_STANDARD_LIBRARIES = YES;
				CODE_SIGN_STYLE = Automatic;
				DEVELOPMENT_TEAM = 2VLQ5AZ3L2;
				INFOPLIST_FILE = AutolayoutThreeUITests/Info.plist;
				LD_RUNPATH_SEARCH_PATHS = (
					"$(inherited)",
					"@executable_path/Frameworks",
					"@loader_path/Frameworks",
				);
				PRODUCT_BUNDLE_IDENTIFIER = jiang.AutolayoutThreeUITests;
				PRODUCT_NAME = "$(TARGET_NAME)";
				SWIFT_VERSION = 4.0;
				TARGETED_DEVICE_FAMILY = "1,2";
				TEST_TARGET_NAME = AutolayoutThree;
			};
			name = Release;
		};
/* End XCBuildConfiguration section */

/* Begin XCConfigurationList section */
		EE2B9DDD21970BFB0052D933 /* Build configuration list for PBXProject "AutolayoutThree" */ = {
			isa = XCConfigurationList;
			buildConfigurations = (
				EE2B9E0821970BFC0052D933 /* Debug */,
				EE2B9E0921970BFC0052D933 /* Release */,
			);
			defaultConfigurationIsVisible = 0;
			defaultConfigurationName = Release;
		};
		EE2B9E0A21970BFC0052D933 /* Build configuration list for PBXNativeTarget "AutolayoutThree" */ = {
			isa = XCConfigurationList;
			buildConfigurations = (
				EE2B9E0B21970BFC0052D933 /* Debug */,
				EE2B9E0C21970BFC0052D933 /* Release */,
			);
			defaultConfigurationIsVisible = 0;
			defaultConfigurationName = Release;
		};
		EE2B9E0D21970BFC0052D933 /* Build configuration list for PBXNativeTarget "AutolayoutThreeTests" */ = {
			isa = XCConfigurationList;
			buildConfigurations = (
				EE2B9E0E21970BFC0052D933 /* Debug */,
				EE2B9E0F21970BFC0052D933 /* Release */,
			);
			defaultConfigurationIsVisible = 0;
			defaultConfigurationName = Release;
		};
		EE2B9E1021970BFC0052D933 /* Build configuration list for PBXNativeTarget "AutolayoutThreeUITests" */ = {
			isa = XCConfigurationList;
			buildConfigurations = (
				EE2B9E1121970BFC0052D933 /* Debug */,
				EE2B9E1221970BFC0052D933 /* Release */,
			);
			defaultConfigurationIsVisible = 0;
			defaultConfigurationName = Release;
		};
/* End XCConfigurationList section */
	};
	rootObject = EE2B9DDA21970BFB0052D933 /* Project object */;
}
