// !$*UTF8*$!
{
	archiveVersion = 1;
	classes = {
	};
	objectVersion = 50;
	objects = {

/* Begin PBXBuildFile section */
		EE2B9D722196EF040052D933 /* AppDelegate.swift in Sources */ = {isa = PBXBuildFile; fileRef = EE2B9D712196EF040052D933 /* AppDelegate.swift */; };
		EE2B9D742196EF040052D933 /* ViewController.swift in Sources */ = {isa = PBXBuildFile; fileRef = EE2B9D732196EF040052D933 /* ViewController.swift */; };
		EE2B9D772196EF040052D933 /* Main.storyboard in Resources */ = {isa = PBXBuildFile; fileRef = EE2B9D752196EF040052D933 /* Main.storyboard */; };
		EE2B9D792196EF0B0052D933 /* Assets.xcassets in Resources */ = {isa = PBXBuildFile; fileRef = EE2B9D782196EF0B0052D933 /* Assets.xcassets */; };
		EE2B9D7C2196EF0B0052D933 /* LaunchScreen.storyboard in Resources */ = {isa = PBXBuildFile; fileRef = EE2B9D7A2196EF0B0052D933 /* LaunchScreen.storyboard */; };
		EE2B9D872196EF0B0052D933 /* AutolayoutTests.swift in Sources */ = {isa = PBXBuildFile; fileRef = EE2B9D862196EF0B0052D933 /* AutolayoutTests.swift */; };
		EE2B9D922196EF0B0052D933 /* AutolayoutUITests.swift in Sources */ = {isa = PBXBuildFile; fileRef = EE2B9D912196EF0B0052D933 /* AutolayoutUITests.swift */; };
/* End PBXBuildFile section */

/* Begin PBXContainerItemProxy section */
		EE2B9D832196EF0B0052D933 /* PBXContainerItemProxy */ = {
			isa = PBXContainerItemProxy;
			containerPortal = EE2B9D662196EF030052D933 /* Project object */;
			proxyType = 1;
			remoteGlobalIDString = EE2B9D6D2196EF040052D933;
			remoteInfo = Autolayout;
		};
		EE2B9D8E2196EF0B0052D933 /* PBXContainerItemProxy */ = {
			isa = PBXContainerItemProxy;
			containerPortal = EE2B9D662196EF030052D933 /* Project object */;
			proxyType = 1;
			remoteGlobalIDString = EE2B9D6D2196EF040052D933;
			remoteInfo = Autolayout;
		};
/* End PBXContainerItemProxy section */

/* Begin PBXFileReference section */
		EE2B9D6E2196EF040052D933 /* Autolayout.app */ = {isa = PBXFileReference; explicitFileType = wrapper.application; includeInIndex = 0; path = Autolayout.app; sourceTree = BUILT_PRODUCTS_DIR; };
		EE2B9D712196EF040052D933 /* AppDelegate.swift */ = {isa = PBXFileReference; lastKnownFileType = sourcecode.swift; path = AppDelegate.swift; sourceTree = "<group>"; };
		EE2B9D732196EF040052D933 /* ViewController.swift */ = {isa = PBXFileReference; lastKnownFileType = sourcecode.swift; path = ViewController.swift; sourceTree = "<group>"; };
		EE2B9D762196EF040052D933 /* Base */ = {isa = PBXFileReference; lastKnownFileType = file.storyboard; name = Base; path = Base.lproj/Main.storyboard; sourceTree = "<group>"; };
		EE2B9D782196EF0B0052D933 /* Assets.xcassets */ = {isa = PBXFileReference; lastKnownFileType = folder.assetcatalog; path = Assets.xcassets; sourceTree = "<group>"; };
		EE2B9D7B2196EF0B0052D933 /* Base */ = {isa = PBXFileReference; lastKnownFileType = file.storyboard; name = Base; path = Base.lproj/LaunchScreen.storyboard; sourceTree = "<group>"; };
		EE2B9D7D2196EF0B0052D933 /* Info.plist */ = {isa = PBXFileReference; lastKnownFileType = text.plist.xml; path = Info.plist; sourceTree = "<group>"; };
		EE2B9D822196EF0B0052D933 /* AutolayoutTests.xctest */ = {isa = PBXFileReference; explicitFileType = wrapper.cfbundle; includeInIndex = 0; path = AutolayoutTests.xctest; sourceTree = BUILT_PRODUCTS_DIR; };
		EE2B9D862196EF0B0052D933 /* AutolayoutTests.swift */ = {isa = PBXFileReference; lastKnownFileType = sourcecode.swift; path = AutolayoutTests.swift; sourceTree = "<group>"; };
		EE2B9D882196EF0B0052D933 /* Info.plist */ = {isa = PBXFileReference; lastKnownFileType = text.plist.xml; path = Info.plist; sourceTree = "<group>"; };
		EE2B9D8D2196EF0B0052D933 /* AutolayoutUITests.xctest */ = {isa = PBXFileReference; explicitFileType = wrapper.cfbundle; includeInIndex = 0; path = AutolayoutUITests.xctest; sourceTree = BUILT_PRODUCTS_DIR; };
		EE2B9D912196EF0B0052D933 /* AutolayoutUITests.swift */ = {isa = PBXFileReference; lastKnownFileType = sourcecode.swift; path = AutolayoutUITests.swift; sourceTree = "<group>"; };
		EE2B9D932196EF0B0052D933 /* Info.plist */ = {isa = PBXFileReference; lastKnownFileType = text.plist.xml; path = Info.plist; sourceTree = "<group>"; };
/* End PBXFileReference section */

/* Begin PBXFrameworksBuildPhase section */
		EE2B9D6B2196EF040052D933 /* Frameworks */ = {
			isa = PBXFrameworksBuildPhase;
			buildActionMask = 2147483647;
			files = (
			);
			runOnlyForDeploymentPostprocessing = 0;
		};
		EE2B9D7F2196EF0B0052D933 /* Frameworks */ = {
			isa = PBXFrameworksBuildPhase;
			buildActionMask = 2147483647;
			files = (
			);
			runOnlyForDeploymentPostprocessing = 0;
		};
		EE2B9D8A2196EF0B0052D933 /* Frameworks */ = {
			isa = PBXFrameworksBuildPhase;
			buildActionMask = 2147483647;
			files = (
			);
			runOnlyForDeploymentPostprocessing = 0;
		};
/* End PBXFrameworksBuildPhase section */

/* Begin PBXGroup section */
		EE2B9D652196EF030052D933 = {
			isa = PBXGroup;
			children = (
				EE2B9D702196EF040052D933 /* Autolayout */,
				EE2B9D852196EF0B0052D933 /* AutolayoutTests */,
				EE2B9D902196EF0B0052D933 /* AutolayoutUITests */,
				EE2B9D6F2196EF040052D933 /* Products */,
			);
			sourceTree = "<group>";
		};
		EE2B9D6F2196EF040052D933 /* Products */ = {
			isa = PBXGroup;
			children = (
				EE2B9D6E2196EF040052D933 /* Autolayout.app */,
				EE2B9D822196EF0B0052D933 /* AutolayoutTests.xctest */,
				EE2B9D8D2196EF0B0052D933 /* AutolayoutUITests.xctest */,
			);
			name = Products;
			sourceTree = "<group>";
		};
		EE2B9D702196EF040052D933 /* Autolayout */ = {
			isa = PBXGroup;
			children = (
				EE2B9D712196EF040052D933 /* AppDelegate.swift */,
				EE2B9D732196EF040052D933 /* ViewController.swift */,
				EE2B9D752196EF040052D933 /* Main.storyboard */,
				EE2B9D782196EF0B0052D933 /* Assets.xcassets */,
				EE2B9D7A2196EF0B0052D933 /* LaunchScreen.storyboard */,
				EE2B9D7D2196EF0B0052D933 /* Info.plist */,
			);
			path = Autolayout;
			sourceTree = "<group>";
		};
		EE2B9D852196EF0B0052D933 /* AutolayoutTests */ = {
			isa = PBXGroup;
			children = (
				EE2B9D862196EF0B0052D933 /* AutolayoutTests.swift */,
				EE2B9D882196EF0B0052D933 /* Info.plist */,
			);
			path = AutolayoutTests;
			sourceTree = "<group>";
		};
		EE2B9D902196EF0B0052D933 /* AutolayoutUITests */ = {
			isa = PBXGroup;
			children = (
				EE2B9D912196EF0B0052D933 /* AutolayoutUITests.swift */,
				EE2B9D932196EF0B0052D933 /* Info.plist */,
			);
			path = AutolayoutUITests;
			sourceTree = "<group>";
		};
/* End PBXGroup section */

/* Begin PBXNativeTarget section */
		EE2B9D6D2196EF040052D933 /* Autolayout */ = {
			isa = PBXNativeTarget;
			buildConfigurationList = EE2B9D962196EF0B0052D933 /* Build configuration list for PBXNativeTarget "Autolayout" */;
			buildPhases = (
				EE2B9D6A2196EF040052D933 /* Sources */,
				EE2B9D6B2196EF040052D933 /* Frameworks */,
				EE2B9D6C2196EF040052D933 /* Resources */,
			);
			buildRules = (
			);
			dependencies = (
			);
			name = Autolayout;
			productName = Autolayout;
			productReference = EE2B9D6E2196EF040052D933 /* Autolayout.app */;
			productType = "com.apple.product-type.application";
		};
		EE2B9D812196EF0B0052D933 /* AutolayoutTests */ = {
			isa = PBXNativeTarget;
			buildConfigurationList = EE2B9D992196EF0B0052D933 /* Build configuration list for PBXNativeTarget "AutolayoutTests" */;
			buildPhases = (
				EE2B9D7E2196EF0B0052D933 /* Sources */,
				EE2B9D7F2196EF0B0052D933 /* Frameworks */,
				EE2B9D802196EF0B0052D933 /* Resources */,
			);
			buildRules = (
			);
			dependencies = (
				EE2B9D842196EF0B0052D933 /* PBXTargetDependency */,
			);
			name = AutolayoutTests;
			productName = AutolayoutTests;
			productReference = EE2B9D822196EF0B0052D933 /* AutolayoutTests.xctest */;
			productType = "com.apple.product-type.bundle.unit-test";
		};
		EE2B9D8C2196EF0B0052D933 /* AutolayoutUITests */ = {
			isa = PBXNativeTarget;
			buildConfigurationList = EE2B9D9C2196EF0B0052D933 /* Build configuration list for PBXNativeTarget "AutolayoutUITests" */;
			buildPhases = (
				EE2B9D892196EF0B0052D933 /* Sources */,
				EE2B9D8A2196EF0B0052D933 /* Frameworks */,
				EE2B9D8B2196EF0B0052D933 /* Resources */,
			);
			buildRules = (
			);
			dependencies = (
				EE2B9D8F2196EF0B0052D933 /* PBXTargetDependency */,
			);
			name = AutolayoutUITests;
			productName = AutolayoutUITests;
			productReference = EE2B9D8D2196EF0B0052D933 /* AutolayoutUITests.xctest */;
			productType = "com.apple.product-type.bundle.ui-testing";
		};
/* End PBXNativeTarget section */

/* Begin PBXProject section */
		EE2B9D662196EF030052D933 /* Project object */ = {
			isa = PBXProject;
			attributes = {
				LastSwiftUpdateCheck = 0940;
				LastUpgradeCheck = 0940;
				ORGANIZATIONNAME = jiang;
				TargetAttributes = {
					EE2B9D6D2196EF040052D933 = {
						CreatedOnToolsVersion = 9.4.1;
					};
					EE2B9D812196EF0B0052D933 = {
						CreatedOnToolsVersion = 9.4.1;
						TestTargetID = EE2B9D6D2196EF040052D933;
					};
					EE2B9D8C2196EF0B0052D933 = {
						CreatedOnToolsVersion = 9.4.1;
						TestTargetID = EE2B9D6D2196EF040052D933;
					};
				};
			};
			buildConfigurationList = EE2B9D692196EF030052D933 /* Build configuration list for PBXProject "Autolayout" */;
			compatibilityVersion = "Xcode 9.3";
			developmentRegion = en;
			hasScannedForEncodings = 0;
			knownRegions = (
				en,
				Base,
			);
			mainGroup = EE2B9D652196EF030052D933;
			productRefGroup = EE2B9D6F2196EF040052D933 /* Products */;
			projectDirPath = "";
			projectRoot = "";
			targets = (
				EE2B9D6D2196EF040052D933 /* Autolayout */,
				EE2B9D812196EF0B0052D933 /* AutolayoutTests */,
				EE2B9D8C2196EF0B0052D933 /* AutolayoutUITests */,
			);
		};
/* End PBXProject section */

/* Begin PBXResourcesBuildPhase section */
		EE2B9D6C2196EF040052D933 /* Resources */ = {
			isa = PBXResourcesBuildPhase;
			buildActionMask = 2147483647;
			files = (
				EE2B9D7C2196EF0B0052D933 /* LaunchScreen.storyboard in Resources */,
				EE2B9D792196EF0B0052D933 /* Assets.xcassets in Resources */,
				EE2B9D772196EF040052D933 /* Main.storyboard in Resources */,
			);
			runOnlyForDeploymentPostprocessing = 0;
		};
		EE2B9D802196EF0B0052D933 /* Resources */ = {
			isa = PBXResourcesBuildPhase;
			buildActionMask = 2147483647;
			files = (
			);
			runOnlyForDeploymentPostprocessing = 0;
		};
		EE2B9D8B2196EF0B0052D933 /* Resources */ = {
			isa = PBXResourcesBuildPhase;
			buildActionMask = 2147483647;
			files = (
			);
			runOnlyForDeploymentPostprocessing = 0;
		};
/* End PBXResourcesBuildPhase section */

/* Begin PBXSourcesBuildPhase section */
		EE2B9D6A2196EF040052D933 /* Sources */ = {
			isa = PBXSourcesBuildPhase;
			buildActionMask = 2147483647;
			files = (
				EE2B9D742196EF040052D933 /* ViewController.swift in Sources */,
				EE2B9D722196EF040052D933 /* AppDelegate.swift in Sources */,
			);
			runOnlyForDeploymentPostprocessing = 0;
		};
		EE2B9D7E2196EF0B0052D933 /* Sources */ = {
			isa = PBXSourcesBuildPhase;
			buildActionMask = 2147483647;
			files = (
				EE2B9D872196EF0B0052D933 /* AutolayoutTests.swift in Sources */,
			);
			runOnlyForDeploymentPostprocessing = 0;
		};
		EE2B9D892196EF0B0052D933 /* Sources */ = {
			isa = PBXSourcesBuildPhase;
			buildActionMask = 2147483647;
			files = (
				EE2B9D922196EF0B0052D933 /* AutolayoutUITests.swift in Sources */,
			);
			runOnlyForDeploymentPostprocessing = 0;
		};
/* End PBXSourcesBuildPhase section */

/* Begin PBXTargetDependency section */
		EE2B9D842196EF0B0052D933 /* PBXTargetDependency */ = {
			isa = PBXTargetDependency;
			target = EE2B9D6D2196EF040052D933 /* Autolayout */;
			targetProxy = EE2B9D832196EF0B0052D933 /* PBXContainerItemProxy */;
		};
		EE2B9D8F2196EF0B0052D933 /* PBXTargetDependency */ = {
			isa = PBXTargetDependency;
			target = EE2B9D6D2196EF040052D933 /* Autolayout */;
			targetProxy = EE2B9D8E2196EF0B0052D933 /* PBXContainerItemProxy */;
		};
/* End PBXTargetDependency section */

/* Begin PBXVariantGroup section */
		EE2B9D752196EF040052D933 /* Main.storyboard */ = {
			isa = PBXVariantGroup;
			children = (
				EE2B9D762196EF040052D933 /* Base */,
			);
			name = Main.storyboard;
			sourceTree = "<group>";
		};
		EE2B9D7A2196EF0B0052D933 /* LaunchScreen.storyboard */ = {
			isa = PBXVariantGroup;
			children = (
				EE2B9D7B2196EF0B0052D933 /* Base */,
			);
			name = LaunchScreen.storyboard;
			sourceTree = "<group>";
		};
/* End PBXVariantGroup section */

/* Begin XCBuildConfiguration section */
		EE2B9D942196EF0B0052D933 /* Debug */ = {
			isa = XCBuildConfiguration;
			buildSettings = {
				ALWAYS_SEARCH_USER_PATHS = NO;
				CLANG_ANALYZER_NONNULL = YES;
				CLANG_ANALYZER_NUMBER_OBJECT_CONVERSION = YES_AGGRESSIVE;
				CLANG_CXX_LANGUAGE_STANDARD = "gnu++14";
				CLANG_CXX_LIBRARY = "libc++";
				CLANG_ENABLE_MODULES = YES;
				CLANG_ENABLE_OBJC_ARC = YES;
				CLANG_ENABLE_OBJC_WEAK = YES;
				CLANG_WARN_BLOCK_CAPTURE_AUTORELEASING = YES;
				CLANG_WARN_BOOL_CONVERSION = YES;
				CLANG_WARN_COMMA = YES;
				CLANG_WARN_CONSTANT_CONVERSION = YES;
				CLANG_WARN_DEPRECATED_OBJC_IMPLEMENTATIONS = YES;
				CLANG_WARN_DIRECT_OBJC_ISA_USAGE = YES_ERROR;
				CLANG_WARN_DOCUMENTATION_COMMENTS = YES;
				CLANG_WARN_EMPTY_BODY = YES;
				CLANG_WARN_ENUM_CONVERSION = YES;
				CLANG_WARN_INFINITE_RECURSION = YES;
				CLANG_WARN_INT_CONVERSION = YES;
				CLANG_WARN_NON_LITERAL_NULL_CONVERSION = YES;
				CLANG_WARN_OBJC_IMPLICIT_RETAIN_SELF = YES;
				CLANG_WARN_OBJC_LITERAL_CONVERSION = YES;
				CLANG_WARN_OBJC_ROOT_CLASS = YES_ERROR;
				CLANG_WARN_RANGE_LOOP_ANALYSIS = YES;
				CLANG_WARN_STRICT_PROTOTYPES = YES;
				CLANG_WARN_SUSPICIOUS_MOVE = YES;
				CLANG_WARN_UNGUARDED_AVAILABILITY = YES_AGGRESSIVE;
				CLANG_WARN_UNREACHABLE_CODE = YES;
				CLANG_WARN__DUPLICATE_METHOD_MATCH = YES;
				CODE_SIGN_IDENTITY = "iPhone Developer";
				COPY_PHASE_STRIP = NO;
				DEBUG_INFORMATION_FORMAT = dwarf;
				ENABLE_STRICT_OBJC_MSGSEND = YES;
				ENABLE_TESTABILITY = YES;
				GCC_C_LANGUAGE_STANDARD = gnu11;
				GCC_DYNAMIC_NO_PIC = NO;
				GCC_NO_COMMON_BLOCKS = YES;
				GCC_OPTIMIZATION_LEVEL = 0;
				GCC_PREPROCESSOR_DEFINITIONS = (
					"DEBUG=1",
					"$(inherited)",
				);
				GCC_WARN_64_TO_32_BIT_CONVERSION = YES;
				GCC_WARN_ABOUT_RETURN_TYPE = YES_ERROR;
				GCC_WARN_UNDECLARED_SELECTOR = YES;
				GCC_WARN_UNINITIALIZED_AUTOS = YES_AGGRESSIVE;
				GCC_WARN_UNUSED_FUNCTION = YES;
				GCC_WARN_UNUSED_VARIABLE = YES;
				IPHONEOS_DEPLOYMENT_TARGET = 11.4;
				MTL_ENABLE_DEBUG_INFO = YES;
				ONLY_ACTIVE_ARCH = YES;
				SDKROOT = iphoneos;
				SWIFT_ACTIVE_COMPILATION_CONDITIONS = DEBUG;
				SWIFT_OPTIMIZATION_LEVEL = "-Onone";
			};
			name = Debug;
		};
		EE2B9D952196EF0B0052D933 /* Release */ = {
			isa = XCBuildConfiguration;
			buildSettings = {
				ALWAYS_SEARCH_USER_PATHS = NO;
				CLANG_ANALYZER_NONNULL = YES;
				CLANG_ANALYZER_NUMBER_OBJECT_CONVERSION = YES_AGGRESSIVE;
				CLANG_CXX_LANGUAGE_STANDARD = "gnu++14";
				CLANG_CXX_LIBRARY = "libc++";
				CLANG_ENABLE_MODULES = YES;
				CLANG_ENABLE_OBJC_ARC = YES;
				CLANG_ENABLE_OBJC_WEAK = YES;
				CLANG_WARN_BLOCK_CAPTURE_AUTORELEASING = YES;
				CLANG_WARN_BOOL_CONVERSION = YES;
				CLANG_WARN_COMMA = YES;
				CLANG_WARN_CONSTANT_CONVERSION = YES;
				CLANG_WARN_DEPRECATED_OBJC_IMPLEMENTATIONS = YES;
				CLANG_WARN_DIRECT_OBJC_ISA_USAGE = YES_ERROR;
				CLANG_WARN_DOCUMENTATION_COMMENTS = YES;
				CLANG_WARN_EMPTY_BODY = YES;
				CLANG_WARN_ENUM_CONVERSION = YES;
				CLANG_WARN_INFINITE_RECURSION = YES;
				CLANG_WARN_INT_CONVERSION = YES;
				CLANG_WARN_NON_LITERAL_NULL_CONVERSION = YES;
				CLANG_WARN_OBJC_IMPLICIT_RETAIN_SELF = YES;
				CLANG_WARN_OBJC_LITERAL_CONVERSION = YES;
				CLANG_WARN_OBJC_ROOT_CLASS = YES_ERROR;
				CLANG_WARN_RANGE_LOOP_ANALYSIS = YES;
				CLANG_WARN_STRICT_PROTOTYPES = YES;
				CLANG_WARN_SUSPICIOUS_MOVE = YES;
				CLANG_WARN_UNGUARDED_AVAILABILITY = YES_AGGRESSIVE;
				CLANG_WARN_UNREACHABLE_CODE = YES;
				CLANG_WARN__DUPLICATE_METHOD_MATCH = YES;
				CODE_SIGN_IDENTITY = "iPhone Developer";
				COPY_PHASE_STRIP = NO;
				DEBUG_INFORMATION_FORMAT = "dwarf-with-dsym";
				ENABLE_NS_ASSERTIONS = NO;
				ENABLE_STRICT_OBJC_MSGSEND = YES;
				GCC_C_LANGUAGE_STANDARD = gnu11;
				GCC_NO_COMMON_BLOCKS = YES;
				GCC_WARN_64_TO_32_BIT_CONVERSION = YES;
				GCC_WARN_ABOUT_RETURN_TYPE = YES_ERROR;
				GCC_WARN_UNDECLARED_SELECTOR = YES;
				GCC_WARN_UNINITIALIZED_AUTOS = YES_AGGRESSIVE;
				GCC_WARN_UNUSED_FUNCTION = YES;
				GCC_WARN_UNUSED_VARIABLE = YES;
				IPHONEOS_DEPLOYMENT_TARGET = 11.4;
				MTL_ENABLE_DEBUG_INFO = NO;
				SDKROOT = iphoneos;
				SWIFT_COMPILATION_MODE = wholemodule;
				SWIFT_OPTIMIZATION_LEVEL = "-O";
				VALIDATE_PRODUCT = YES;
			};
			name = Release;
		};
		EE2B9D972196EF0B0052D933 /* Debug */ = {
			isa = XCBuildConfiguration;
			buildSettings = {
				ASSETCATALOG_COMPILER_APPICON_NAME = AppIcon;
				CODE_SIGN_STYLE = Automatic;
				DEVELOPMENT_TEAM = 2VLQ5AZ3L2;
				INFOPLIST_FILE = Autolayout/Info.plist;
				LD_RUNPATH_SEARCH_PATHS = (
					"$(inherited)",
					"@executable_path/Frameworks",
				);
				PRODUCT_BUNDLE_IDENTIFIER = jiang.Autolayout;
				PRODUCT_NAME = "$(TARGET_NAME)";
				SWIFT_VERSION = 4.0;
				TARGETED_DEVICE_FAMILY = "1,2";
			};
			name = Debug;
		};
		EE2B9D982196EF0B0052D933 /* Release */ = {
			isa = XCBuildConfiguration;
			buildSettings = {
				ASSETCATALOG_COMPILER_APPICON_NAME = AppIcon;
				CODE_SIGN_STYLE = Automatic;
				DEVELOPMENT_TEAM = 2VLQ5AZ3L2;
				INFOPLIST_FILE = Autolayout/Info.plist;
				LD_RUNPATH_SEARCH_PATHS = (
					"$(inherited)",
					"@executable_path/Frameworks",
				);
				PRODUCT_BUNDLE_IDENTIFIER = jiang.Autolayout;
				PRODUCT_NAME = "$(TARGET_NAME)";
				SWIFT_VERSION = 4.0;
				TARGETED_DEVICE_FAMILY = "1,2";
			};
			name = Release;
		};
		EE2B9D9A2196EF0B0052D933 /* Debug */ = {
			isa = XCBuildConfiguration;
			buildSettings = {
				ALWAYS_EMBED_SWIFT_STANDARD_LIBRARIES = YES;
				BUNDLE_LOADER = "$(TEST_HOST)";
				CODE_SIGN_STYLE = Automatic;
				DEVELOPMENT_TEAM = 2VLQ5AZ3L2;
				INFOPLIST_FILE = AutolayoutTests/Info.plist;
				LD_RUNPATH_SEARCH_PATHS = (
					"$(inherited)",
					"@executable_path/Frameworks",
					"@loader_path/Frameworks",
				);
				PRODUCT_BUNDLE_IDENTIFIER = jiang.AutolayoutTests;
				PRODUCT_NAME = "$(TARGET_NAME)";
				SWIFT_VERSION = 4.0;
				TARGETED_DEVICE_FAMILY = "1,2";
				TEST_HOST = "$(BUILT_PRODUCTS_DIR)/Autolayout.app/Autolayout";
			};
			name = Debug;
		};
		EE2B9D9B2196EF0B0052D933 /* Release */ = {
			isa = XCBuildConfiguration;
			buildSettings = {
				ALWAYS_EMBED_SWIFT_STANDARD_LIBRARIES = YES;
				BUNDLE_LOADER = "$(TEST_HOST)";
				CODE_SIGN_STYLE = Automatic;
				DEVELOPMENT_TEAM = 2VLQ5AZ3L2;
				INFOPLIST_FILE = AutolayoutTests/Info.plist;
				LD_RUNPATH_SEARCH_PATHS = (
					"$(inherited)",
					"@executable_path/Frameworks",
					"@loader_path/Frameworks",
				);
				PRODUCT_BUNDLE_IDENTIFIER = jiang.AutolayoutTests;
				PRODUCT_NAME = "$(TARGET_NAME)";
				SWIFT_VERSION = 4.0;
				TARGETED_DEVICE_FAMILY = "1,2";
				TEST_HOST = "$(BUILT_PRODUCTS_DIR)/Autolayout.app/Autolayout";
			};
			name = Release;
		};
		EE2B9D9D2196EF0B0052D933 /* Debug */ = {
			isa = XCBuildConfiguration;
			buildSettings = {
				ALWAYS_EMBED_SWIFT_STANDARD_LIBRARIES = YES;
				CODE_SIGN_STYLE = Automatic;
				DEVELOPMENT_TEAM = 2VLQ5AZ3L2;
				INFOPLIST_FILE = AutolayoutUITests/Info.plist;
				LD_RUNPATH_SEARCH_PATHS = (
					"$(inherited)",
					"@executable_path/Frameworks",
					"@loader_path/Frameworks",
				);
				PRODUCT_BUNDLE_IDENTIFIER = jiang.AutolayoutUITests;
				PRODUCT_NAME = "$(TARGET_NAME)";
				SWIFT_VERSION = 4.0;
				TARGETED_DEVICE_FAMILY = "1,2";
				TEST_TARGET_NAME = Autolayout;
			};
			name = Debug;
		};
		EE2B9D9E2196EF0B0052D933 /* Release */ = {
			isa = XCBuildConfiguration;
			buildSettings = {
				ALWAYS_EMBED_SWIFT_STANDARD_LIBRARIES = YES;
				CODE_SIGN_STYLE = Automatic;
				DEVELOPMENT_TEAM = 2VLQ5AZ3L2;
				INFOPLIST_FILE = AutolayoutUITests/Info.plist;
				LD_RUNPATH_SEARCH_PATHS = (
					"$(inherited)",
					"@executable_path/Frameworks",
					"@loader_path/Frameworks",
				);
				PRODUCT_BUNDLE_IDENTIFIER = jiang.AutolayoutUITests;
				PRODUCT_NAME = "$(TARGET_NAME)";
				SWIFT_VERSION = 4.0;
				TARGETED_DEVICE_FAMILY = "1,2";
				TEST_TARGET_NAME = Autolayout;
			};
			name = Release;
		};
/* End XCBuildConfiguration section */

/* Begin XCConfigurationList section */
		EE2B9D692196EF030052D933 /* Build configuration list for PBXProject "Autolayout" */ = {
			isa = XCConfigurationList;
			buildConfigurations = (
				EE2B9D942196EF0B0052D933 /* Debug */,
				EE2B9D952196EF0B0052D933 /* Release */,
			);
			defaultConfigurationIsVisible = 0;
			defaultConfigurationName = Release;
		};
		EE2B9D962196EF0B0052D933 /* Build configuration list for PBXNativeTarget "Autolayout" */ = {
			isa = XCConfigurationList;
			buildConfigurations = (
				EE2B9D972196EF0B0052D933 /* Debug */,
				EE2B9D982196EF0B0052D933 /* Release */,
			);
			defaultConfigurationIsVisible = 0;
			defaultConfigurationName = Release;
		};
		EE2B9D992196EF0B0052D933 /* Build configuration list for PBXNativeTarget "AutolayoutTests" */ = {
			isa = XCConfigurationList;
			buildConfigurations = (
				EE2B9D9A2196EF0B0052D933 /* Debug */,
				EE2B9D9B2196EF0B0052D933 /* Release */,
			);
			defaultConfigurationIsVisible = 0;
			defaultConfigurationName = Release;
		};
		EE2B9D9C2196EF0B0052D933 /* Build configuration list for PBXNativeTarget "AutolayoutUITests" */ = {
			isa = XCConfigurationList;
			buildConfigurations = (
				EE2B9D9D2196EF0B0052D933 /* Debug */,
				EE2B9D9E2196EF0B0052D933 /* Release */,
			);
			defaultConfigurationIsVisible = 0;
			defaultConfigurationName = Release;
		};
/* End XCConfigurationList section */
	};
	rootObject = EE2B9D662196EF030052D933 /* Project object */;
}
